// !$*UTF8*$!
{
	archiveVersion = 1;
	classes = {
	};
	objectVersion = 51;
	objects = {

/* Begin PBXBuildFile section */
		6BDBB446FF1E53B6CFDE2931 /* Pods_TravelLog_TravelLogUITests.framework in Frameworks */ = {isa = PBXBuildFile; fileRef = E45FDE8685703F0692CABED2 /* Pods_TravelLog_TravelLogUITests.framework */; };
		9B2F8DC425BA00870009D9A1 /* Content.storyboard in Resources */ = {isa = PBXBuildFile; fileRef = 9B2F8DC325BA00870009D9A1 /* Content.storyboard */; };
		9B7DC97725B336E4009E97D3 /* AppDelegate.swift in Sources */ = {isa = PBXBuildFile; fileRef = 9B7DC97625B336E4009E97D3 /* AppDelegate.swift */; };
		9B7DC97925B336E4009E97D3 /* SceneDelegate.swift in Sources */ = {isa = PBXBuildFile; fileRef = 9B7DC97825B336E4009E97D3 /* SceneDelegate.swift */; };
		9B7DC97B25B336E4009E97D3 /* ViewController.swift in Sources */ = {isa = PBXBuildFile; fileRef = 9B7DC97A25B336E4009E97D3 /* ViewController.swift */; };
		9B7DC97E25B336E4009E97D3 /* Main.storyboard in Resources */ = {isa = PBXBuildFile; fileRef = 9B7DC97C25B336E4009E97D3 /* Main.storyboard */; };
		9B7DC98125B336E4009E97D3 /* TravelLog.xcdatamodeld in Sources */ = {isa = PBXBuildFile; fileRef = 9B7DC97F25B336E4009E97D3 /* TravelLog.xcdatamodeld */; };
		9B7DC98325B336E5009E97D3 /* Assets.xcassets in Resources */ = {isa = PBXBuildFile; fileRef = 9B7DC98225B336E5009E97D3 /* Assets.xcassets */; };
		9B7DC98625B336E5009E97D3 /* LaunchScreen.storyboard in Resources */ = {isa = PBXBuildFile; fileRef = 9B7DC98425B336E5009E97D3 /* LaunchScreen.storyboard */; };
		9B7DC99125B336E6009E97D3 /* TravelLogTests.swift in Sources */ = {isa = PBXBuildFile; fileRef = 9B7DC99025B336E6009E97D3 /* TravelLogTests.swift */; };
		9B7DC99C25B336E6009E97D3 /* TravelLogUITests.swift in Sources */ = {isa = PBXBuildFile; fileRef = 9B7DC99B25B336E6009E97D3 /* TravelLogUITests.swift */; };
		9BA55E4025B809950044B69B /* LoginController.swift in Sources */ = {isa = PBXBuildFile; fileRef = 9BA55E3F25B809950044B69B /* LoginController.swift */; };
		9BA55E4525B80C940044B69B /* GoogleService-Info.plist in Resources */ = {isa = PBXBuildFile; fileRef = 9BA55E4425B80C940044B69B /* GoogleService-Info.plist */; };
		9BA55E6925B81FB40044B69B /* RegisterController.swift in Sources */ = {isa = PBXBuildFile; fileRef = 9BA55E6825B81FB40044B69B /* RegisterController.swift */; };
		9BC2BD9925BDF6270097B582 /* EditController.swift in Sources */ = {isa = PBXBuildFile; fileRef = 9BC2BD9825BDF6270097B582 /* EditController.swift */; };
		DD6E668BE3ED2BD3FC382CB4 /* Pods_TravelLog.framework in Frameworks */ = {isa = PBXBuildFile; fileRef = 694934EEA5C78AD427F65815 /* Pods_TravelLog.framework */; };
		DFB47515FA29559658EFF3D7 /* Pods_TravelLogTests.framework in Frameworks */ = {isa = PBXBuildFile; fileRef = DCD73D9326B00EE5E8BCC444 /* Pods_TravelLogTests.framework */; };
/* End PBXBuildFile section */

/* Begin PBXContainerItemProxy section */
		9B7DC98D25B336E6009E97D3 /* PBXContainerItemProxy */ = {
			isa = PBXContainerItemProxy;
			containerPortal = 9B7DC96B25B336E4009E97D3 /* Project object */;
			proxyType = 1;
			remoteGlobalIDString = 9B7DC97225B336E4009E97D3;
			remoteInfo = TravelLog;
		};
		9B7DC99825B336E6009E97D3 /* PBXContainerItemProxy */ = {
			isa = PBXContainerItemProxy;
			containerPortal = 9B7DC96B25B336E4009E97D3 /* Project object */;
			proxyType = 1;
			remoteGlobalIDString = 9B7DC97225B336E4009E97D3;
			remoteInfo = TravelLog;
		};
/* End PBXContainerItemProxy section */

/* Begin PBXFileReference section */
		231AD8F3A465AE75535BB009 /* Pods-TravelLogTests.debug.xcconfig */ = {isa = PBXFileReference; includeInIndex = 1; lastKnownFileType = text.xcconfig; name = "Pods-TravelLogTests.debug.xcconfig"; path = "Target Support Files/Pods-TravelLogTests/Pods-TravelLogTests.debug.xcconfig"; sourceTree = "<group>"; };
		349A69BE26AF28E3AC0F1C08 /* Pods-TravelLog.release.xcconfig */ = {isa = PBXFileReference; includeInIndex = 1; lastKnownFileType = text.xcconfig; name = "Pods-TravelLog.release.xcconfig"; path = "Target Support Files/Pods-TravelLog/Pods-TravelLog.release.xcconfig"; sourceTree = "<group>"; };
		4C215F6E429392F949341496 /* Pods-TravelLog-TravelLogUITests.release.xcconfig */ = {isa = PBXFileReference; includeInIndex = 1; lastKnownFileType = text.xcconfig; name = "Pods-TravelLog-TravelLogUITests.release.xcconfig"; path = "Target Support Files/Pods-TravelLog-TravelLogUITests/Pods-TravelLog-TravelLogUITests.release.xcconfig"; sourceTree = "<group>"; };
		4E52BBF775D0C603377C5864 /* Pods-TravelLog.debug.xcconfig */ = {isa = PBXFileReference; includeInIndex = 1; lastKnownFileType = text.xcconfig; name = "Pods-TravelLog.debug.xcconfig"; path = "Target Support Files/Pods-TravelLog/Pods-TravelLog.debug.xcconfig"; sourceTree = "<group>"; };
		694934EEA5C78AD427F65815 /* Pods_TravelLog.framework */ = {isa = PBXFileReference; explicitFileType = wrapper.framework; includeInIndex = 0; path = Pods_TravelLog.framework; sourceTree = BUILT_PRODUCTS_DIR; };
		973E913224385A4354A2D243 /* Pods-TravelLogTests.release.xcconfig */ = {isa = PBXFileReference; includeInIndex = 1; lastKnownFileType = text.xcconfig; name = "Pods-TravelLogTests.release.xcconfig"; path = "Target Support Files/Pods-TravelLogTests/Pods-TravelLogTests.release.xcconfig"; sourceTree = "<group>"; };
		9B2F8DC325BA00870009D9A1 /* Content.storyboard */ = {isa = PBXFileReference; lastKnownFileType = file.storyboard; path = Content.storyboard; sourceTree = "<group>"; };
		9B7DC97325B336E4009E97D3 /* TravelLog.app */ = {isa = PBXFileReference; explicitFileType = wrapper.application; includeInIndex = 0; path = TravelLog.app; sourceTree = BUILT_PRODUCTS_DIR; };
		9B7DC97625B336E4009E97D3 /* AppDelegate.swift */ = {isa = PBXFileReference; lastKnownFileType = sourcecode.swift; path = AppDelegate.swift; sourceTree = "<group>"; };
		9B7DC97825B336E4009E97D3 /* SceneDelegate.swift */ = {isa = PBXFileReference; lastKnownFileType = sourcecode.swift; path = SceneDelegate.swift; sourceTree = "<group>"; };
		9B7DC97A25B336E4009E97D3 /* ViewController.swift */ = {isa = PBXFileReference; lastKnownFileType = sourcecode.swift; path = ViewController.swift; sourceTree = "<group>"; };
		9B7DC97D25B336E4009E97D3 /* Base */ = {isa = PBXFileReference; lastKnownFileType = file.storyboard; name = Base; path = Base.lproj/Main.storyboard; sourceTree = "<group>"; };
		9B7DC98025B336E4009E97D3 /* TravelLog.xcdatamodel */ = {isa = PBXFileReference; lastKnownFileType = wrapper.xcdatamodel; path = TravelLog.xcdatamodel; sourceTree = "<group>"; };
		9B7DC98225B336E5009E97D3 /* Assets.xcassets */ = {isa = PBXFileReference; lastKnownFileType = folder.assetcatalog; path = Assets.xcassets; sourceTree = "<group>"; };
		9B7DC98525B336E5009E97D3 /* Base */ = {isa = PBXFileReference; lastKnownFileType = file.storyboard; name = Base; path = Base.lproj/LaunchScreen.storyboard; sourceTree = "<group>"; };
		9B7DC98725B336E5009E97D3 /* Info.plist */ = {isa = PBXFileReference; lastKnownFileType = text.plist.xml; path = Info.plist; sourceTree = "<group>"; };
		9B7DC98C25B336E6009E97D3 /* TravelLogTests.xctest */ = {isa = PBXFileReference; explicitFileType = wrapper.cfbundle; includeInIndex = 0; path = TravelLogTests.xctest; sourceTree = BUILT_PRODUCTS_DIR; };
		9B7DC99025B336E6009E97D3 /* TravelLogTests.swift */ = {isa = PBXFileReference; lastKnownFileType = sourcecode.swift; path = TravelLogTests.swift; sourceTree = "<group>"; };
		9B7DC99225B336E6009E97D3 /* Info.plist */ = {isa = PBXFileReference; lastKnownFileType = text.plist.xml; path = Info.plist; sourceTree = "<group>"; };
		9B7DC99725B336E6009E97D3 /* TravelLogUITests.xctest */ = {isa = PBXFileReference; explicitFileType = wrapper.cfbundle; includeInIndex = 0; path = TravelLogUITests.xctest; sourceTree = BUILT_PRODUCTS_DIR; };
		9B7DC99B25B336E6009E97D3 /* TravelLogUITests.swift */ = {isa = PBXFileReference; lastKnownFileType = sourcecode.swift; path = TravelLogUITests.swift; sourceTree = "<group>"; };
		9B7DC99D25B336E6009E97D3 /* Info.plist */ = {isa = PBXFileReference; lastKnownFileType = text.plist.xml; path = Info.plist; sourceTree = "<group>"; };
		9BA55E3F25B809950044B69B /* LoginController.swift */ = {isa = PBXFileReference; lastKnownFileType = sourcecode.swift; path = LoginController.swift; sourceTree = "<group>"; };
		9BA55E4425B80C940044B69B /* GoogleService-Info.plist */ = {isa = PBXFileReference; fileEncoding = 4; lastKnownFileType = text.plist.xml; name = "GoogleService-Info.plist"; path = "../../../../../../Downloads/GoogleService-Info.plist"; sourceTree = "<group>"; };
		9BA55E6825B81FB40044B69B /* RegisterController.swift */ = {isa = PBXFileReference; lastKnownFileType = sourcecode.swift; path = RegisterController.swift; sourceTree = "<group>"; };
		9BC2BD9825BDF6270097B582 /* EditController.swift */ = {isa = PBXFileReference; lastKnownFileType = sourcecode.swift; path = EditController.swift; sourceTree = "<group>"; };
		A1211861ACC43AB780960673 /* Pods-TravelLog-TravelLogUITests.debug.xcconfig */ = {isa = PBXFileReference; includeInIndex = 1; lastKnownFileType = text.xcconfig; name = "Pods-TravelLog-TravelLogUITests.debug.xcconfig"; path = "Target Support Files/Pods-TravelLog-TravelLogUITests/Pods-TravelLog-TravelLogUITests.debug.xcconfig"; sourceTree = "<group>"; };
		DCD73D9326B00EE5E8BCC444 /* Pods_TravelLogTests.framework */ = {isa = PBXFileReference; explicitFileType = wrapper.framework; includeInIndex = 0; path = Pods_TravelLogTests.framework; sourceTree = BUILT_PRODUCTS_DIR; };
		E45FDE8685703F0692CABED2 /* Pods_TravelLog_TravelLogUITests.framework */ = {isa = PBXFileReference; explicitFileType = wrapper.framework; includeInIndex = 0; path = Pods_TravelLog_TravelLogUITests.framework; sourceTree = BUILT_PRODUCTS_DIR; };
/* End PBXFileReference section */

/* Begin PBXFrameworksBuildPhase section */
		9B7DC97025B336E4009E97D3 /* Frameworks */ = {
			isa = PBXFrameworksBuildPhase;
			buildActionMask = 2147483647;
			files = (
				DD6E668BE3ED2BD3FC382CB4 /* Pods_TravelLog.framework in Frameworks */,
			);
			runOnlyForDeploymentPostprocessing = 0;
		};
		9B7DC98925B336E6009E97D3 /* Frameworks */ = {
			isa = PBXFrameworksBuildPhase;
			buildActionMask = 2147483647;
			files = (
				DFB47515FA29559658EFF3D7 /* Pods_TravelLogTests.framework in Frameworks */,
			);
			runOnlyForDeploymentPostprocessing = 0;
		};
		9B7DC99425B336E6009E97D3 /* Frameworks */ = {
			isa = PBXFrameworksBuildPhase;
			buildActionMask = 2147483647;
			files = (
				6BDBB446FF1E53B6CFDE2931 /* Pods_TravelLog_TravelLogUITests.framework in Frameworks */,
			);
			runOnlyForDeploymentPostprocessing = 0;
		};
/* End PBXFrameworksBuildPhase section */

/* Begin PBXGroup section */
		85895E86CB0211ED632427C9 /* Pods */ = {
			isa = PBXGroup;
			children = (
				4E52BBF775D0C603377C5864 /* Pods-TravelLog.debug.xcconfig */,
				349A69BE26AF28E3AC0F1C08 /* Pods-TravelLog.release.xcconfig */,
				A1211861ACC43AB780960673 /* Pods-TravelLog-TravelLogUITests.debug.xcconfig */,
				4C215F6E429392F949341496 /* Pods-TravelLog-TravelLogUITests.release.xcconfig */,
				231AD8F3A465AE75535BB009 /* Pods-TravelLogTests.debug.xcconfig */,
				973E913224385A4354A2D243 /* Pods-TravelLogTests.release.xcconfig */,
			);
			path = Pods;
			sourceTree = "<group>";
		};
		9B7DC96A25B336E4009E97D3 = {
			isa = PBXGroup;
			children = (
				9B7DC97525B336E4009E97D3 /* TravelLog */,
				9B7DC98F25B336E6009E97D3 /* TravelLogTests */,
				9B7DC99A25B336E6009E97D3 /* TravelLogUITests */,
				9B7DC97425B336E4009E97D3 /* Products */,
				85895E86CB0211ED632427C9 /* Pods */,
				B31F7B3A62BC94FA8BBAD7F2 /* Frameworks */,
			);
			sourceTree = "<group>";
		};
		9B7DC97425B336E4009E97D3 /* Products */ = {
			isa = PBXGroup;
			children = (
				9B7DC97325B336E4009E97D3 /* TravelLog.app */,
				9B7DC98C25B336E6009E97D3 /* TravelLogTests.xctest */,
				9B7DC99725B336E6009E97D3 /* TravelLogUITests.xctest */,
			);
			name = Products;
			sourceTree = "<group>";
		};
		9B7DC97525B336E4009E97D3 /* TravelLog */ = {
			isa = PBXGroup;
			children = (
				9BA55E3B25B808860044B69B /* Views */,
				9BA55E3A25B8087E0044B69B /* Model */,
				9BA55E3825B8085C0044B69B /* Controller */,
				9B7DC97625B336E4009E97D3 /* AppDelegate.swift */,
				9B7DC97825B336E4009E97D3 /* SceneDelegate.swift */,
				9B7DC97A25B336E4009E97D3 /* ViewController.swift */,
				9B7DC98225B336E5009E97D3 /* Assets.xcassets */,
				9B7DC98425B336E5009E97D3 /* LaunchScreen.storyboard */,
				9B7DC98725B336E5009E97D3 /* Info.plist */,
				9BA55E4425B80C940044B69B /* GoogleService-Info.plist */,
				9B7DC97F25B336E4009E97D3 /* TravelLog.xcdatamodeld */,
			);
			path = TravelLog;
			sourceTree = "<group>";
		};
		9B7DC98F25B336E6009E97D3 /* TravelLogTests */ = {
			isa = PBXGroup;
			children = (
				9B7DC99025B336E6009E97D3 /* TravelLogTests.swift */,
				9B7DC99225B336E6009E97D3 /* Info.plist */,
			);
			path = TravelLogTests;
			sourceTree = "<group>";
		};
		9B7DC99A25B336E6009E97D3 /* TravelLogUITests */ = {
			isa = PBXGroup;
			children = (
				9B7DC99B25B336E6009E97D3 /* TravelLogUITests.swift */,
				9B7DC99D25B336E6009E97D3 /* Info.plist */,
			);
			path = TravelLogUITests;
			sourceTree = "<group>";
		};
		9BA55E3825B8085C0044B69B /* Controller */ = {
			isa = PBXGroup;
			children = (
				9BA55E3F25B809950044B69B /* LoginController.swift */,
				9BA55E6825B81FB40044B69B /* RegisterController.swift */,
				9BC2BD9825BDF6270097B582 /* EditController.swift */,
			);
			path = Controller;
			sourceTree = "<group>";
		};
		9BA55E3A25B8087E0044B69B /* Model */ = {
			isa = PBXGroup;
			children = (
			);
			path = Model;
			sourceTree = "<group>";
		};
		9BA55E3B25B808860044B69B /* Views */ = {
			isa = PBXGroup;
			children = (
				9B7DC97C25B336E4009E97D3 /* Main.storyboard */,
				9B2F8DC325BA00870009D9A1 /* Content.storyboard */,
			);
			path = Views;
			sourceTree = "<group>";
		};
		B31F7B3A62BC94FA8BBAD7F2 /* Frameworks */ = {
			isa = PBXGroup;
			children = (
				694934EEA5C78AD427F65815 /* Pods_TravelLog.framework */,
				E45FDE8685703F0692CABED2 /* Pods_TravelLog_TravelLogUITests.framework */,
				DCD73D9326B00EE5E8BCC444 /* Pods_TravelLogTests.framework */,
			);
			name = Frameworks;
			sourceTree = "<group>";
		};
/* End PBXGroup section */

/* Begin PBXNativeTarget section */
		9B7DC97225B336E4009E97D3 /* TravelLog */ = {
			isa = PBXNativeTarget;
			buildConfigurationList = 9B7DC9A025B336E6009E97D3 /* Build configuration list for PBXNativeTarget "TravelLog" */;
			buildPhases = (
				391BE0871ED5975D43B03DA7 /* [CP] Check Pods Manifest.lock */,
				9B7DC96F25B336E4009E97D3 /* Sources */,
				9B7DC97025B336E4009E97D3 /* Frameworks */,
				9B7DC97125B336E4009E97D3 /* Resources */,
				77ADA81758C9182A65E28517 /* [CP] Embed Pods Frameworks */,
			);
			buildRules = (
			);
			dependencies = (
			);
			name = TravelLog;
			productName = TravelLog;
			productReference = 9B7DC97325B336E4009E97D3 /* TravelLog.app */;
			productType = "com.apple.product-type.application";
		};
		9B7DC98B25B336E6009E97D3 /* TravelLogTests */ = {
			isa = PBXNativeTarget;
			buildConfigurationList = 9B7DC9A325B336E6009E97D3 /* Build configuration list for PBXNativeTarget "TravelLogTests" */;
			buildPhases = (
				4AD7ADA49F1796E25EEA8794 /* [CP] Check Pods Manifest.lock */,
				9B7DC98825B336E6009E97D3 /* Sources */,
				9B7DC98925B336E6009E97D3 /* Frameworks */,
				9B7DC98A25B336E6009E97D3 /* Resources */,
			);
			buildRules = (
			);
			dependencies = (
				9B7DC98E25B336E6009E97D3 /* PBXTargetDependency */,
			);
			name = TravelLogTests;
			productName = TravelLogTests;
			productReference = 9B7DC98C25B336E6009E97D3 /* TravelLogTests.xctest */;
			productType = "com.apple.product-type.bundle.unit-test";
		};
		9B7DC99625B336E6009E97D3 /* TravelLogUITests */ = {
			isa = PBXNativeTarget;
			buildConfigurationList = 9B7DC9A625B336E6009E97D3 /* Build configuration list for PBXNativeTarget "TravelLogUITests" */;
			buildPhases = (
				BD63914626B8602A0E3D62E0 /* [CP] Check Pods Manifest.lock */,
				9B7DC99325B336E6009E97D3 /* Sources */,
				9B7DC99425B336E6009E97D3 /* Frameworks */,
				9B7DC99525B336E6009E97D3 /* Resources */,
				DF6DEA22B8A4076E41710FBB /* [CP] Embed Pods Frameworks */,
			);
			buildRules = (
			);
			dependencies = (
				9B7DC99925B336E6009E97D3 /* PBXTargetDependency */,
			);
			name = TravelLogUITests;
			productName = TravelLogUITests;
			productReference = 9B7DC99725B336E6009E97D3 /* TravelLogUITests.xctest */;
			productType = "com.apple.product-type.bundle.ui-testing";
		};
/* End PBXNativeTarget section */

/* Begin PBXProject section */
		9B7DC96B25B336E4009E97D3 /* Project object */ = {
			isa = PBXProject;
			attributes = {
				LastSwiftUpdateCheck = 1230;
				LastUpgradeCheck = 1230;
				TargetAttributes = {
					9B7DC97225B336E4009E97D3 = {
						CreatedOnToolsVersion = 12.3;
					};
					9B7DC98B25B336E6009E97D3 = {
						CreatedOnToolsVersion = 12.3;
						TestTargetID = 9B7DC97225B336E4009E97D3;
					};
					9B7DC99625B336E6009E97D3 = {
						CreatedOnToolsVersion = 12.3;
						TestTargetID = 9B7DC97225B336E4009E97D3;
					};
				};
			};
			buildConfigurationList = 9B7DC96E25B336E4009E97D3 /* Build configuration list for PBXProject "TravelLog" */;
			compatibilityVersion = "Xcode 9.3";
			developmentRegion = en;
			hasScannedForEncodings = 0;
			knownRegions = (
				en,
				Base,
			);
			mainGroup = 9B7DC96A25B336E4009E97D3;
			productRefGroup = 9B7DC97425B336E4009E97D3 /* Products */;
			projectDirPath = "";
			projectRoot = "";
			targets = (
				9B7DC97225B336E4009E97D3 /* TravelLog */,
				9B7DC98B25B336E6009E97D3 /* TravelLogTests */,
				9B7DC99625B336E6009E97D3 /* TravelLogUITests */,
			);
		};
/* End PBXProject section */

/* Begin PBXResourcesBuildPhase section */
		9B7DC97125B336E4009E97D3 /* Resources */ = {
			isa = PBXResourcesBuildPhase;
			buildActionMask = 2147483647;
			files = (
				9B7DC98625B336E5009E97D3 /* LaunchScreen.storyboard in Resources */,
				9BA55E4525B80C940044B69B /* GoogleService-Info.plist in Resources */,
				9B7DC98325B336E5009E97D3 /* Assets.xcassets in Resources */,
				9B7DC97E25B336E4009E97D3 /* Main.storyboard in Resources */,
				9B2F8DC425BA00870009D9A1 /* Content.storyboard in Resources */,
			);
			runOnlyForDeploymentPostprocessing = 0;
		};
		9B7DC98A25B336E6009E97D3 /* Resources */ = {
			isa = PBXResourcesBuildPhase;
			buildActionMask = 2147483647;
			files = (
			);
			runOnlyForDeploymentPostprocessing = 0;
		};
		9B7DC99525B336E6009E97D3 /* Resources */ = {
			isa = PBXResourcesBuildPhase;
			buildActionMask = 2147483647;
			files = (
			);
			runOnlyForDeploymentPostprocessing = 0;
		};
/* End PBXResourcesBuildPhase section */

/* Begin PBXShellScriptBuildPhase section */
		391BE0871ED5975D43B03DA7 /* [CP] Check Pods Manifest.lock */ = {
			isa = PBXShellScriptBuildPhase;
			buildActionMask = 2147483647;
			files = (
			);
			inputFileListPaths = (
			);
			inputPaths = (
				"${PODS_PODFILE_DIR_PATH}/Podfile.lock",
				"${PODS_ROOT}/Manifest.lock",
			);
			name = "[CP] Check Pods Manifest.lock";
			outputFileListPaths = (
			);
			outputPaths = (
				"$(DERIVED_FILE_DIR)/Pods-TravelLog-checkManifestLockResult.txt",
			);
			runOnlyForDeploymentPostprocessing = 0;
			shellPath = /bin/sh;
			shellScript = "diff \"${PODS_PODFILE_DIR_PATH}/Podfile.lock\" \"${PODS_ROOT}/Manifest.lock\" > /dev/null\nif [ $? != 0 ] ; then\n    # print error to STDERR\n    echo \"error: The sandbox is not in sync with the Podfile.lock. Run 'pod install' or update your CocoaPods installation.\" >&2\n    exit 1\nfi\n# This output is used by Xcode 'outputs' to avoid re-running this script phase.\necho \"SUCCESS\" > \"${SCRIPT_OUTPUT_FILE_0}\"\n";
			showEnvVarsInLog = 0;
		};
		4AD7ADA49F1796E25EEA8794 /* [CP] Check Pods Manifest.lock */ = {
			isa = PBXShellScriptBuildPhase;
			buildActionMask = 2147483647;
			files = (
			);
			inputFileListPaths = (
			);
			inputPaths = (
				"${PODS_PODFILE_DIR_PATH}/Podfile.lock",
				"${PODS_ROOT}/Manifest.lock",
			);
			name = "[CP] Check Pods Manifest.lock";
			outputFileListPaths = (
			);
			outputPaths = (
				"$(DERIVED_FILE_DIR)/Pods-TravelLogTests-checkManifestLockResult.txt",
			);
			runOnlyForDeploymentPostprocessing = 0;
			shellPath = /bin/sh;
			shellScript = "diff \"${PODS_PODFILE_DIR_PATH}/Podfile.lock\" \"${PODS_ROOT}/Manifest.lock\" > /dev/null\nif [ $? != 0 ] ; then\n    # print error to STDERR\n    echo \"error: The sandbox is not in sync with the Podfile.lock. Run 'pod install' or update your CocoaPods installation.\" >&2\n    exit 1\nfi\n# This output is used by Xcode 'outputs' to avoid re-running this script phase.\necho \"SUCCESS\" > \"${SCRIPT_OUTPUT_FILE_0}\"\n";
			showEnvVarsInLog = 0;
		};
		77ADA81758C9182A65E28517 /* [CP] Embed Pods Frameworks */ = {
			isa = PBXShellScriptBuildPhase;
			buildActionMask = 2147483647;
			files = (
			);
			inputFileListPaths = (
				"${PODS_ROOT}/Target Support Files/Pods-TravelLog/Pods-TravelLog-frameworks-${CONFIGURATION}-input-files.xcfilelist",
			);
			name = "[CP] Embed Pods Frameworks";
			outputFileListPaths = (
				"${PODS_ROOT}/Target Support Files/Pods-TravelLog/Pods-TravelLog-frameworks-${CONFIGURATION}-output-files.xcfilelist",
			);
			runOnlyForDeploymentPostprocessing = 0;
			shellPath = /bin/sh;
			shellScript = "\"${PODS_ROOT}/Target Support Files/Pods-TravelLog/Pods-TravelLog-frameworks.sh\"\n";
			showEnvVarsInLog = 0;
		};
		BD63914626B8602A0E3D62E0 /* [CP] Check Pods Manifest.lock */ = {
			isa = PBXShellScriptBuildPhase;
			buildActionMask = 2147483647;
			files = (
			);
			inputFileListPaths = (
			);
			inputPaths = (
				"${PODS_PODFILE_DIR_PATH}/Podfile.lock",
				"${PODS_ROOT}/Manifest.lock",
			);
			name = "[CP] Check Pods Manifest.lock";
			outputFileListPaths = (
			);
			outputPaths = (
				"$(DERIVED_FILE_DIR)/Pods-TravelLog-TravelLogUITests-checkManifestLockResult.txt",
			);
			runOnlyForDeploymentPostprocessing = 0;
			shellPath = /bin/sh;
			shellScript = "diff \"${PODS_PODFILE_DIR_PATH}/Podfile.lock\" \"${PODS_ROOT}/Manifest.lock\" > /dev/null\nif [ $? != 0 ] ; then\n    # print error to STDERR\n    echo \"error: The sandbox is not in sync with the Podfile.lock. Run 'pod install' or update your CocoaPods installation.\" >&2\n    exit 1\nfi\n# This output is used by Xcode 'outputs' to avoid re-running this script phase.\necho \"SUCCESS\" > \"${SCRIPT_OUTPUT_FILE_0}\"\n";
			showEnvVarsInLog = 0;
		};
		DF6DEA22B8A4076E41710FBB /* [CP] Embed Pods Frameworks */ = {
			isa = PBXShellScriptBuildPhase;
			buildActionMask = 2147483647;
			files = (
			);
			inputFileListPaths = (
				"${PODS_ROOT}/Target Support Files/Pods-TravelLog-TravelLogUITests/Pods-TravelLog-TravelLogUITests-frameworks-${CONFIGURATION}-input-files.xcfilelist",
			);
			name = "[CP] Embed Pods Frameworks";
			outputFileListPaths = (
				"${PODS_ROOT}/Target Support Files/Pods-TravelLog-TravelLogUITests/Pods-TravelLog-TravelLogUITests-frameworks-${CONFIGURATION}-output-files.xcfilelist",
			);
			runOnlyForDeploymentPostprocessing = 0;
			shellPath = /bin/sh;
			shellScript = "\"${PODS_ROOT}/Target Support Files/Pods-TravelLog-TravelLogUITests/Pods-TravelLog-TravelLogUITests-frameworks.sh\"\n";
			showEnvVarsInLog = 0;
		};
/* End PBXShellScriptBuildPhase section */

/* Begin PBXSourcesBuildPhase section */
		9B7DC96F25B336E4009E97D3 /* Sources */ = {
			isa = PBXSourcesBuildPhase;
			buildActionMask = 2147483647;
			files = (
				9BC2BD9925BDF6270097B582 /* EditController.swift in Sources */,
				9B7DC97B25B336E4009E97D3 /* ViewController.swift in Sources */,
				9B7DC97725B336E4009E97D3 /* AppDelegate.swift in Sources */,
				9BA55E6925B81FB40044B69B /* RegisterController.swift in Sources */,
				9B7DC98125B336E4009E97D3 /* TravelLog.xcdatamodeld in Sources */,
				9B7DC97925B336E4009E97D3 /* SceneDelegate.swift in Sources */,
				9BA55E4025B809950044B69B /* LoginController.swift in Sources */,
			);
			runOnlyForDeploymentPostprocessing = 0;
		};
		9B7DC98825B336E6009E97D3 /* Sources */ = {
			isa = PBXSourcesBuildPhase;
			buildActionMask = 2147483647;
			files = (
				9B7DC99125B336E6009E97D3 /* TravelLogTests.swift in Sources */,
			);
			runOnlyForDeploymentPostprocessing = 0;
		};
		9B7DC99325B336E6009E97D3 /* Sources */ = {
			isa = PBXSourcesBuildPhase;
			buildActionMask = 2147483647;
			files = (
				9B7DC99C25B336E6009E97D3 /* TravelLogUITests.swift in Sources */,
			);
			runOnlyForDeploymentPostprocessing = 0;
		};
/* End PBXSourcesBuildPhase section */

/* Begin PBXTargetDependency section */
		9B7DC98E25B336E6009E97D3 /* PBXTargetDependency */ = {
			isa = PBXTargetDependency;
			target = 9B7DC97225B336E4009E97D3 /* TravelLog */;
			targetProxy = 9B7DC98D25B336E6009E97D3 /* PBXContainerItemProxy */;
		};
		9B7DC99925B336E6009E97D3 /* PBXTargetDependency */ = {
			isa = PBXTargetDependency;
			target = 9B7DC97225B336E4009E97D3 /* TravelLog */;
			targetProxy = 9B7DC99825B336E6009E97D3 /* PBXContainerItemProxy */;
		};
/* End PBXTargetDependency section */

/* Begin PBXVariantGroup section */
		9B7DC97C25B336E4009E97D3 /* Main.storyboard */ = {
			isa = PBXVariantGroup;
			children = (
				9B7DC97D25B336E4009E97D3 /* Base */,
			);
			name = Main.storyboard;
			sourceTree = "<group>";
		};
		9B7DC98425B336E5009E97D3 /* LaunchScreen.storyboard */ = {
			isa = PBXVariantGroup;
			children = (
				9B7DC98525B336E5009E97D3 /* Base */,
			);
			name = LaunchScreen.storyboard;
			sourceTree = "<group>";
		};
/* End PBXVariantGroup section */

/* Begin XCBuildConfiguration section */
		9B7DC99E25B336E6009E97D3 /* Debug */ = {
			isa = XCBuildConfiguration;
			buildSettings = {
				ALWAYS_SEARCH_USER_PATHS = NO;
				CLANG_ANALYZER_NONNULL = YES;
				CLANG_ANALYZER_NUMBER_OBJECT_CONVERSION = YES_AGGRESSIVE;
				CLANG_CXX_LANGUAGE_STANDARD = "gnu++14";
				CLANG_CXX_LIBRARY = "libc++";
				CLANG_ENABLE_MODULES = YES;
				CLANG_ENABLE_OBJC_ARC = YES;
				CLANG_ENABLE_OBJC_WEAK = YES;
				CLANG_WARN_BLOCK_CAPTURE_AUTORELEASING = YES;
				CLANG_WARN_BOOL_CONVERSION = YES;
				CLANG_WARN_COMMA = YES;
				CLANG_WARN_CONSTANT_CONVERSION = YES;
				CLANG_WARN_DEPRECATED_OBJC_IMPLEMENTATIONS = YES;
				CLANG_WARN_DIRECT_OBJC_ISA_USAGE = YES_ERROR;
				CLANG_WARN_DOCUMENTATION_COMMENTS = YES;
				CLANG_WARN_EMPTY_BODY = YES;
				CLANG_WARN_ENUM_CONVERSION = YES;
				CLANG_WARN_INFINITE_RECURSION = YES;
				CLANG_WARN_INT_CONVERSION = YES;
				CLANG_WARN_NON_LITERAL_NULL_CONVERSION = YES;
				CLANG_WARN_OBJC_IMPLICIT_RETAIN_SELF = YES;
				CLANG_WARN_OBJC_LITERAL_CONVERSION = YES;
				CLANG_WARN_OBJC_ROOT_CLASS = YES_ERROR;
				CLANG_WARN_QUOTED_INCLUDE_IN_FRAMEWORK_HEADER = YES;
				CLANG_WARN_RANGE_LOOP_ANALYSIS = YES;
				CLANG_WARN_STRICT_PROTOTYPES = YES;
				CLANG_WARN_SUSPICIOUS_MOVE = YES;
				CLANG_WARN_UNGUARDED_AVAILABILITY = YES_AGGRESSIVE;
				CLANG_WARN_UNREACHABLE_CODE = YES;
				CLANG_WARN__DUPLICATE_METHOD_MATCH = YES;
				COPY_PHASE_STRIP = NO;
				DEBUG_INFORMATION_FORMAT = dwarf;
				ENABLE_STRICT_OBJC_MSGSEND = YES;
				ENABLE_TESTABILITY = YES;
				GCC_C_LANGUAGE_STANDARD = gnu11;
				GCC_DYNAMIC_NO_PIC = NO;
				GCC_NO_COMMON_BLOCKS = YES;
				GCC_OPTIMIZATION_LEVEL = 0;
				GCC_PREPROCESSOR_DEFINITIONS = (
					"DEBUG=1",
					"$(inherited)",
				);
				GCC_WARN_64_TO_32_BIT_CONVERSION = YES;
				GCC_WARN_ABOUT_RETURN_TYPE = YES_ERROR;
				GCC_WARN_UNDECLARED_SELECTOR = YES;
				GCC_WARN_UNINITIALIZED_AUTOS = YES_AGGRESSIVE;
				GCC_WARN_UNUSED_FUNCTION = YES;
				GCC_WARN_UNUSED_VARIABLE = YES;
				IPHONEOS_DEPLOYMENT_TARGET = 14.3;
				MTL_ENABLE_DEBUG_INFO = INCLUDE_SOURCE;
				MTL_FAST_MATH = YES;
				ONLY_ACTIVE_ARCH = YES;
				SDKROOT = iphoneos;
				SWIFT_ACTIVE_COMPILATION_CONDITIONS = DEBUG;
				SWIFT_OPTIMIZATION_LEVEL = "-Onone";
			};
			name = Debug;
		};
		9B7DC99F25B336E6009E97D3 /* Release */ = {
			isa = XCBuildConfiguration;
			buildSettings = {
				ALWAYS_SEARCH_USER_PATHS = NO;
				CLANG_ANALYZER_NONNULL = YES;
				CLANG_ANALYZER_NUMBER_OBJECT_CONVERSION = YES_AGGRESSIVE;
				CLANG_CXX_LANGUAGE_STANDARD = "gnu++14";
				CLANG_CXX_LIBRARY = "libc++";
				CLANG_ENABLE_MODULES = YES;
				CLANG_ENABLE_OBJC_ARC = YES;
				CLANG_ENABLE_OBJC_WEAK = YES;
				CLANG_WARN_BLOCK_CAPTURE_AUTORELEASING = YES;
				CLANG_WARN_BOOL_CONVERSION = YES;
				CLANG_WARN_COMMA = YES;
				CLANG_WARN_CONSTANT_CONVERSION = YES;
				CLANG_WARN_DEPRECATED_OBJC_IMPLEMENTATIONS = YES;
				CLANG_WARN_DIRECT_OBJC_ISA_USAGE = YES_ERROR;
				CLANG_WARN_DOCUMENTATION_COMMENTS = YES;
				CLANG_WARN_EMPTY_BODY = YES;
				CLANG_WARN_ENUM_CONVERSION = YES;
				CLANG_WARN_INFINITE_RECURSION = YES;
				CLANG_WARN_INT_CONVERSION = YES;
				CLANG_WARN_NON_LITERAL_NULL_CONVERSION = YES;
				CLANG_WARN_OBJC_IMPLICIT_RETAIN_SELF = YES;
				CLANG_WARN_OBJC_LITERAL_CONVERSION = YES;
				CLANG_WARN_OBJC_ROOT_CLASS = YES_ERROR;
				CLANG_WARN_QUOTED_INCLUDE_IN_FRAMEWORK_HEADER = YES;
				CLANG_WARN_RANGE_LOOP_ANALYSIS = YES;
				CLANG_WARN_STRICT_PROTOTYPES = YES;
				CLANG_WARN_SUSPICIOUS_MOVE = YES;
				CLANG_WARN_UNGUARDED_AVAILABILITY = YES_AGGRESSIVE;
				CLANG_WARN_UNREACHABLE_CODE = YES;
				CLANG_WARN__DUPLICATE_METHOD_MATCH = YES;
				COPY_PHASE_STRIP = NO;
				DEBUG_INFORMATION_FORMAT = "dwarf-with-dsym";
				ENABLE_NS_ASSERTIONS = NO;
				ENABLE_STRICT_OBJC_MSGSEND = YES;
				GCC_C_LANGUAGE_STANDARD = gnu11;
				GCC_NO_COMMON_BLOCKS = YES;
				GCC_WARN_64_TO_32_BIT_CONVERSION = YES;
				GCC_WARN_ABOUT_RETURN_TYPE = YES_ERROR;
				GCC_WARN_UNDECLARED_SELECTOR = YES;
				GCC_WARN_UNINITIALIZED_AUTOS = YES_AGGRESSIVE;
				GCC_WARN_UNUSED_FUNCTION = YES;
				GCC_WARN_UNUSED_VARIABLE = YES;
				IPHONEOS_DEPLOYMENT_TARGET = 14.3;
				MTL_ENABLE_DEBUG_INFO = NO;
				MTL_FAST_MATH = YES;
				SDKROOT = iphoneos;
				SWIFT_COMPILATION_MODE = wholemodule;
				SWIFT_OPTIMIZATION_LEVEL = "-O";
				VALIDATE_PRODUCT = YES;
			};
			name = Release;
		};
		9B7DC9A125B336E6009E97D3 /* Debug */ = {
			isa = XCBuildConfiguration;
			baseConfigurationReference = 4E52BBF775D0C603377C5864 /* Pods-TravelLog.debug.xcconfig */;
			buildSettings = {
				ASSETCATALOG_COMPILER_APPICON_NAME = AppIcon;
				ASSETCATALOG_COMPILER_GLOBAL_ACCENT_COLOR_NAME = AccentColor;
				CODE_SIGN_STYLE = Automatic;
				DEVELOPMENT_TEAM = 55X6A2Q9Q6;
				INFOPLIST_FILE = TravelLog/Info.plist;
				LD_RUNPATH_SEARCH_PATHS = (
					"$(inherited)",
					"@executable_path/Frameworks",
				);
				PRODUCT_BUNDLE_IDENTIFIER = sg.mad2.TravelLog;
				PRODUCT_NAME = "$(TARGET_NAME)";
				SWIFT_VERSION = 5.0;
				TARGETED_DEVICE_FAMILY = "1,2";
			};
			name = Debug;
		};
		9B7DC9A225B336E6009E97D3 /* Release */ = {
			isa = XCBuildConfiguration;
			baseConfigurationReference = 349A69BE26AF28E3AC0F1C08 /* Pods-TravelLog.release.xcconfig */;
			buildSettings = {
				ASSETCATALOG_COMPILER_APPICON_NAME = AppIcon;
				ASSETCATALOG_COMPILER_GLOBAL_ACCENT_COLOR_NAME = AccentColor;
				CODE_SIGN_STYLE = Automatic;
				DEVELOPMENT_TEAM = 55X6A2Q9Q6;
				INFOPLIST_FILE = TravelLog/Info.plist;
				LD_RUNPATH_SEARCH_PATHS = (
					"$(inherited)",
					"@executable_path/Frameworks",
				);
				PRODUCT_BUNDLE_IDENTIFIER = sg.mad2.TravelLog;
				PRODUCT_NAME = "$(TARGET_NAME)";
				SWIFT_VERSION = 5.0;
				TARGETED_DEVICE_FAMILY = "1,2";
			};
			name = Release;
		};
		9B7DC9A425B336E6009E97D3 /* Debug */ = {
			isa = XCBuildConfiguration;
			baseConfigurationReference = 231AD8F3A465AE75535BB009 /* Pods-TravelLogTests.debug.xcconfig */;
			buildSettings = {
				ALWAYS_EMBED_SWIFT_STANDARD_LIBRARIES = YES;
				BUNDLE_LOADER = "$(TEST_HOST)";
				CODE_SIGN_STYLE = Automatic;
				DEVELOPMENT_TEAM = 55X6A2Q9Q6;
				INFOPLIST_FILE = TravelLogTests/Info.plist;
				IPHONEOS_DEPLOYMENT_TARGET = 14.3;
				LD_RUNPATH_SEARCH_PATHS = (
					"$(inherited)",
					"@executable_path/Frameworks",
					"@loader_path/Frameworks",
				);
				PRODUCT_BUNDLE_IDENTIFIER = sg.mad2.TravelLogTests;
				PRODUCT_NAME = "$(TARGET_NAME)";
				SWIFT_VERSION = 5.0;
				TARGETED_DEVICE_FAMILY = "1,2";
				TEST_HOST = "$(BUILT_PRODUCTS_DIR)/TravelLog.app/TravelLog";
			};
			name = Debug;
		};
		9B7DC9A525B336E6009E97D3 /* Release */ = {
			isa = XCBuildConfiguration;
			baseConfigurationReference = 973E913224385A4354A2D243 /* Pods-TravelLogTests.release.xcconfig */;
			buildSettings = {
				ALWAYS_EMBED_SWIFT_STANDARD_LIBRARIES = YES;
				BUNDLE_LOADER = "$(TEST_HOST)";
				CODE_SIGN_STYLE = Automatic;
				DEVELOPMENT_TEAM = 55X6A2Q9Q6;
				INFOPLIST_FILE = TravelLogTests/Info.plist;
				IPHONEOS_DEPLOYMENT_TARGET = 14.3;
				LD_RUNPATH_SEARCH_PATHS = (
					"$(inherited)",
					"@executable_path/Frameworks",
					"@loader_path/Frameworks",
				);
				PRODUCT_BUNDLE_IDENTIFIER = sg.mad2.TravelLogTests;
				PRODUCT_NAME = "$(TARGET_NAME)";
				SWIFT_VERSION = 5.0;
				TARGETED_DEVICE_FAMILY = "1,2";
				TEST_HOST = "$(BUILT_PRODUCTS_DIR)/TravelLog.app/TravelLog";
			};
			name = Release;
		};
		9B7DC9A725B336E6009E97D3 /* Debug */ = {
			isa = XCBuildConfiguration;
			baseConfigurationReference = A1211861ACC43AB780960673 /* Pods-TravelLog-TravelLogUITests.debug.xcconfig */;
			buildSettings = {
				ALWAYS_EMBED_SWIFT_STANDARD_LIBRARIES = YES;
				CODE_SIGN_STYLE = Automatic;
				DEVELOPMENT_TEAM = 55X6A2Q9Q6;
				INFOPLIST_FILE = TravelLogUITests/Info.plist;
				LD_RUNPATH_SEARCH_PATHS = (
					"$(inherited)",
					"@executable_path/Frameworks",
					"@loader_path/Frameworks",
				);
				PRODUCT_BUNDLE_IDENTIFIER = sg.mad2.TravelLogUITests;
				PRODUCT_NAME = "$(TARGET_NAME)";
				SWIFT_VERSION = 5.0;
				TARGETED_DEVICE_FAMILY = "1,2";
				TEST_TARGET_NAME = TravelLog;
			};
			name = Debug;
		};
		9B7DC9A825B336E6009E97D3 /* Release */ = {
			isa = XCBuildConfiguration;
			baseConfigurationReference = 4C215F6E429392F949341496 /* Pods-TravelLog-TravelLogUITests.release.xcconfig */;
			buildSettings = {
				ALWAYS_EMBED_SWIFT_STANDARD_LIBRARIES = YES;
				CODE_SIGN_STYLE = Automatic;
				DEVELOPMENT_TEAM = 55X6A2Q9Q6;
				INFOPLIST_FILE = TravelLogUITests/Info.plist;
				LD_RUNPATH_SEARCH_PATHS = (
					"$(inherited)",
					"@executable_path/Frameworks",
					"@loader_path/Frameworks",
				);
				PRODUCT_BUNDLE_IDENTIFIER = sg.mad2.TravelLogUITests;
				PRODUCT_NAME = "$(TARGET_NAME)";
				SWIFT_VERSION = 5.0;
				TARGETED_DEVICE_FAMILY = "1,2";
				TEST_TARGET_NAME = TravelLog;
			};
			name = Release;
		};
/* End XCBuildConfiguration section */

/* Begin XCConfigurationList section */
		9B7DC96E25B336E4009E97D3 /* Build configuration list for PBXProject "TravelLog" */ = {
			isa = XCConfigurationList;
			buildConfigurations = (
				9B7DC99E25B336E6009E97D3 /* Debug */,
				9B7DC99F25B336E6009E97D3 /* Release */,
			);
			defaultConfigurationIsVisible = 0;
			defaultConfigurationName = Release;
		};
		9B7DC9A025B336E6009E97D3 /* Build configuration list for PBXNativeTarget "TravelLog" */ = {
			isa = XCConfigurationList;
			buildConfigurations = (
				9B7DC9A125B336E6009E97D3 /* Debug */,
				9B7DC9A225B336E6009E97D3 /* Release */,
			);
			defaultConfigurationIsVisible = 0;
			defaultConfigurationName = Release;
		};
		9B7DC9A325B336E6009E97D3 /* Build configuration list for PBXNativeTarget "TravelLogTests" */ = {
			isa = XCConfigurationList;
			buildConfigurations = (
				9B7DC9A425B336E6009E97D3 /* Debug */,
				9B7DC9A525B336E6009E97D3 /* Release */,
			);
			defaultConfigurationIsVisible = 0;
			defaultConfigurationName = Release;
		};
		9B7DC9A625B336E6009E97D3 /* Build configuration list for PBXNativeTarget "TravelLogUITests" */ = {
			isa = XCConfigurationList;
			buildConfigurations = (
				9B7DC9A725B336E6009E97D3 /* Debug */,
				9B7DC9A825B336E6009E97D3 /* Release */,
			);
			defaultConfigurationIsVisible = 0;
			defaultConfigurationName = Release;
		};
/* End XCConfigurationList section */

/* Begin XCVersionGroup section */
		9B7DC97F25B336E4009E97D3 /* TravelLog.xcdatamodeld */ = {
			isa = XCVersionGroup;
			children = (
				9B7DC98025B336E4009E97D3 /* TravelLog.xcdatamodel */,
			);
			currentVersion = 9B7DC98025B336E4009E97D3 /* TravelLog.xcdatamodel */;
			path = TravelLog.xcdatamodeld;
			sourceTree = "<group>";
			versionGroupType = wrapper.xcdatamodel;
		};
/* End XCVersionGroup section */
	};
	rootObject = 9B7DC96B25B336E4009E97D3 /* Project object */;
}
