// !$*UTF8*$!
{
	archiveVersion = 1;
	classes = {
	};
	objectVersion = 51;
	objects = {

/* Begin PBXBuildFile section */
		40CF4275EFDE60F2F3DD6EE9 /* Pods_TravelLogTests.framework in Frameworks */ = {isa = PBXBuildFile; fileRef = 9553392FFA87464992ADE143 /* Pods_TravelLogTests.framework */; };
		562C1BF13C27560F1C00A509 /* Pods_TravelLog.framework in Frameworks */ = {isa = PBXBuildFile; fileRef = 802FF8E9037EC6AFAED7DFC4 /* Pods_TravelLog.framework */; };
		9B0BB2C025C69AE0009BE9ED /* CDPlace+CoreDataClass.swift in Sources */ = {isa = PBXBuildFile; fileRef = 9B0BB2BE25C69AE0009BE9ED /* CDPlace+CoreDataClass.swift */; };
		9B0BB2C125C69AE0009BE9ED /* CDPlace+CoreDataProperties.swift in Sources */ = {isa = PBXBuildFile; fileRef = 9B0BB2BF25C69AE0009BE9ED /* CDPlace+CoreDataProperties.swift */; };
		9B266BB425C4348600EE6843 /* MapController.swift in Sources */ = {isa = PBXBuildFile; fileRef = 9B266BB325C4348600EE6843 /* MapController.swift */; };
		9B266BBC25C4775700EE6843 /* Places.swift in Sources */ = {isa = PBXBuildFile; fileRef = 9B266BBB25C4775700EE6843 /* Places.swift */; };
		9B266BEA25C586F800EE6843 /* Location.swift in Sources */ = {isa = PBXBuildFile; fileRef = 9B266BE925C586F800EE6843 /* Location.swift */; };
		9B266C5525C66E8E00EE6843 /* AppDelegate.swift in Sources */ = {isa = PBXBuildFile; fileRef = 9B266C5425C66E8E00EE6843 /* AppDelegate.swift */; };
		9B2F8DC425BA00870009D9A1 /* Content.storyboard in Resources */ = {isa = PBXBuildFile; fileRef = 9B2F8DC325BA00870009D9A1 /* Content.storyboard */; };
		9B71979325BFDA2B00F9B51C /* Post.swift in Sources */ = {isa = PBXBuildFile; fileRef = 9B71979225BFDA2B00F9B51C /* Post.swift */; };
		9B71979825C0F88200F9B51C /* EditDetailsController.swift in Sources */ = {isa = PBXBuildFile; fileRef = 9B71979725C0F88200F9B51C /* EditDetailsController.swift */; };
		9B7DC97925B336E4009E97D3 /* SceneDelegate.swift in Sources */ = {isa = PBXBuildFile; fileRef = 9B7DC97825B336E4009E97D3 /* SceneDelegate.swift */; };
		9B7DC97B25B336E4009E97D3 /* ViewController.swift in Sources */ = {isa = PBXBuildFile; fileRef = 9B7DC97A25B336E4009E97D3 /* ViewController.swift */; };
		9B7DC97E25B336E4009E97D3 /* Main.storyboard in Resources */ = {isa = PBXBuildFile; fileRef = 9B7DC97C25B336E4009E97D3 /* Main.storyboard */; };
		9B7DC98125B336E4009E97D3 /* TravelLog.xcdatamodeld in Sources */ = {isa = PBXBuildFile; fileRef = 9B7DC97F25B336E4009E97D3 /* TravelLog.xcdatamodeld */; };
		9B7DC98325B336E5009E97D3 /* Assets.xcassets in Resources */ = {isa = PBXBuildFile; fileRef = 9B7DC98225B336E5009E97D3 /* Assets.xcassets */; };
		9B7DC98625B336E5009E97D3 /* LaunchScreen.storyboard in Resources */ = {isa = PBXBuildFile; fileRef = 9B7DC98425B336E5009E97D3 /* LaunchScreen.storyboard */; };
		9B7DC99125B336E6009E97D3 /* TravelLogTests.swift in Sources */ = {isa = PBXBuildFile; fileRef = 9B7DC99025B336E6009E97D3 /* TravelLogTests.swift */; };
		9B7DC99C25B336E6009E97D3 /* TravelLogUITests.swift in Sources */ = {isa = PBXBuildFile; fileRef = 9B7DC99B25B336E6009E97D3 /* TravelLogUITests.swift */; };
		9B80D1DC25C24CB40052570F /* ProfileController.swift in Sources */ = {isa = PBXBuildFile; fileRef = 9B80D1DB25C24CB40052570F /* ProfileController.swift */; };
		9B80D1F725C250C30052570F /* MyCollectionViewCell.swift in Sources */ = {isa = PBXBuildFile; fileRef = 9B80D1F525C250C30052570F /* MyCollectionViewCell.swift */; };
		9B80D1F825C250C30052570F /* MyCollectionViewCell.xib in Resources */ = {isa = PBXBuildFile; fileRef = 9B80D1F625C250C30052570F /* MyCollectionViewCell.xib */; };
		9B80D20B25C26FAA0052570F /* GoogleService-Info.plist in Resources */ = {isa = PBXBuildFile; fileRef = 9B80D20A25C26FAA0052570F /* GoogleService-Info.plist */; };
		9BA55E4025B809950044B69B /* LoginController.swift in Sources */ = {isa = PBXBuildFile; fileRef = 9BA55E3F25B809950044B69B /* LoginController.swift */; };
		9BA55E6925B81FB40044B69B /* RegisterController.swift in Sources */ = {isa = PBXBuildFile; fileRef = 9BA55E6825B81FB40044B69B /* RegisterController.swift */; };
		9BB8913325C2AE1300222158 /* DatabaseManager.swift in Sources */ = {isa = PBXBuildFile; fileRef = 9BB8913225C2AE1300222158 /* DatabaseManager.swift */; };
		9BB8913B25C2BF2900222158 /* StorageManager.swift in Sources */ = {isa = PBXBuildFile; fileRef = 9BB8913A25C2BF2900222158 /* StorageManager.swift */; };
		9BB8914625C31B1A00222158 /* SearchController.swift in Sources */ = {isa = PBXBuildFile; fileRef = 9BB8914525C31B1A00222158 /* SearchController.swift */; };
		9BB8914B25C3222300222158 /* User.swift in Sources */ = {isa = PBXBuildFile; fileRef = 9BB8914A25C3222300222158 /* User.swift */; };
		9BB8915025C3BFDA00222158 /* Constants.swift in Sources */ = {isa = PBXBuildFile; fileRef = 9BB8914F25C3BFDA00222158 /* Constants.swift */; };
		9BC2BD9925BDF6270097B582 /* EditController.swift in Sources */ = {isa = PBXBuildFile; fileRef = 9BC2BD9825BDF6270097B582 /* EditController.swift */; };
		DBD8F3E4F95671F504A7D211 /* Pods_TravelLog_TravelLogUITests.framework in Frameworks */ = {isa = PBXBuildFile; fileRef = 12B509B6B9BF0125265519D3 /* Pods_TravelLog_TravelLogUITests.framework */; };
/* End PBXBuildFile section */

/* Begin PBXContainerItemProxy section */
		9B7DC98D25B336E6009E97D3 /* PBXContainerItemProxy */ = {
			isa = PBXContainerItemProxy;
			containerPortal = 9B7DC96B25B336E4009E97D3 /* Project object */;
			proxyType = 1;
			remoteGlobalIDString = 9B7DC97225B336E4009E97D3;
			remoteInfo = TravelLog;
		};
		9B7DC99825B336E6009E97D3 /* PBXContainerItemProxy */ = {
			isa = PBXContainerItemProxy;
			containerPortal = 9B7DC96B25B336E4009E97D3 /* Project object */;
			proxyType = 1;
			remoteGlobalIDString = 9B7DC97225B336E4009E97D3;
			remoteInfo = TravelLog;
		};
/* End PBXContainerItemProxy section */

/* Begin PBXFileReference section */
		12B509B6B9BF0125265519D3 /* Pods_TravelLog_TravelLogUITests.framework */ = {isa = PBXFileReference; explicitFileType = wrapper.framework; includeInIndex = 0; path = Pods_TravelLog_TravelLogUITests.framework; sourceTree = BUILT_PRODUCTS_DIR; };
		19E89CC2861F1C3CDF5795BF /* Pods-TravelLog-TravelLogUITests.debug.xcconfig */ = {isa = PBXFileReference; includeInIndex = 1; lastKnownFileType = text.xcconfig; name = "Pods-TravelLog-TravelLogUITests.debug.xcconfig"; path = "Target Support Files/Pods-TravelLog-TravelLogUITests/Pods-TravelLog-TravelLogUITests.debug.xcconfig"; sourceTree = "<group>"; };
		255C716A1B95267551D716E6 /* Pods-TravelLogTests.debug.xcconfig */ = {isa = PBXFileReference; includeInIndex = 1; lastKnownFileType = text.xcconfig; name = "Pods-TravelLogTests.debug.xcconfig"; path = "Target Support Files/Pods-TravelLogTests/Pods-TravelLogTests.debug.xcconfig"; sourceTree = "<group>"; };
		5BB5B802D3E916FDD4C2447C /* Pods-TravelLogTests.release.xcconfig */ = {isa = PBXFileReference; includeInIndex = 1; lastKnownFileType = text.xcconfig; name = "Pods-TravelLogTests.release.xcconfig"; path = "Target Support Files/Pods-TravelLogTests/Pods-TravelLogTests.release.xcconfig"; sourceTree = "<group>"; };
		6727282A5A2262E578B6627F /* Pods-TravelLog-TravelLogUITests.release.xcconfig */ = {isa = PBXFileReference; includeInIndex = 1; lastKnownFileType = text.xcconfig; name = "Pods-TravelLog-TravelLogUITests.release.xcconfig"; path = "Target Support Files/Pods-TravelLog-TravelLogUITests/Pods-TravelLog-TravelLogUITests.release.xcconfig"; sourceTree = "<group>"; };
		802FF8E9037EC6AFAED7DFC4 /* Pods_TravelLog.framework */ = {isa = PBXFileReference; explicitFileType = wrapper.framework; includeInIndex = 0; path = Pods_TravelLog.framework; sourceTree = BUILT_PRODUCTS_DIR; };
		8AA70F4DDE3AC80C02A139A4 /* Pods-TravelLog.debug.xcconfig */ = {isa = PBXFileReference; includeInIndex = 1; lastKnownFileType = text.xcconfig; name = "Pods-TravelLog.debug.xcconfig"; path = "Target Support Files/Pods-TravelLog/Pods-TravelLog.debug.xcconfig"; sourceTree = "<group>"; };
		9553392FFA87464992ADE143 /* Pods_TravelLogTests.framework */ = {isa = PBXFileReference; explicitFileType = wrapper.framework; includeInIndex = 0; path = Pods_TravelLogTests.framework; sourceTree = BUILT_PRODUCTS_DIR; };
		9B0BB2BE25C69AE0009BE9ED /* CDPlace+CoreDataClass.swift */ = {isa = PBXFileReference; lastKnownFileType = sourcecode.swift; path = "CDPlace+CoreDataClass.swift"; sourceTree = SOURCE_ROOT; };
		9B0BB2BF25C69AE0009BE9ED /* CDPlace+CoreDataProperties.swift */ = {isa = PBXFileReference; lastKnownFileType = sourcecode.swift; path = "CDPlace+CoreDataProperties.swift"; sourceTree = SOURCE_ROOT; };
		9B266BB325C4348600EE6843 /* MapController.swift */ = {isa = PBXFileReference; lastKnownFileType = sourcecode.swift; path = MapController.swift; sourceTree = "<group>"; };
		9B266BBB25C4775700EE6843 /* Places.swift */ = {isa = PBXFileReference; lastKnownFileType = sourcecode.swift; path = Places.swift; sourceTree = "<group>"; };
		9B266BE925C586F800EE6843 /* Location.swift */ = {isa = PBXFileReference; lastKnownFileType = sourcecode.swift; path = Location.swift; sourceTree = "<group>"; };
		9B266C5425C66E8E00EE6843 /* AppDelegate.swift */ = {isa = PBXFileReference; fileEncoding = 4; lastKnownFileType = sourcecode.swift; name = AppDelegate.swift; path = TravelLog/AppDelegate.swift; sourceTree = SOURCE_ROOT; };
		9B2F8DC325BA00870009D9A1 /* Content.storyboard */ = {isa = PBXFileReference; lastKnownFileType = file.storyboard; path = Content.storyboard; sourceTree = "<group>"; };
		9B71979225BFDA2B00F9B51C /* Post.swift */ = {isa = PBXFileReference; lastKnownFileType = sourcecode.swift; path = Post.swift; sourceTree = "<group>"; };
		9B71979725C0F88200F9B51C /* EditDetailsController.swift */ = {isa = PBXFileReference; lastKnownFileType = sourcecode.swift; path = EditDetailsController.swift; sourceTree = "<group>"; };
		9B7DC97325B336E4009E97D3 /* TravelLog.app */ = {isa = PBXFileReference; explicitFileType = wrapper.application; includeInIndex = 0; path = TravelLog.app; sourceTree = BUILT_PRODUCTS_DIR; };
		9B7DC97825B336E4009E97D3 /* SceneDelegate.swift */ = {isa = PBXFileReference; lastKnownFileType = sourcecode.swift; path = SceneDelegate.swift; sourceTree = "<group>"; };
		9B7DC97A25B336E4009E97D3 /* ViewController.swift */ = {isa = PBXFileReference; lastKnownFileType = sourcecode.swift; path = ViewController.swift; sourceTree = "<group>"; };
		9B7DC97D25B336E4009E97D3 /* Base */ = {isa = PBXFileReference; lastKnownFileType = file.storyboard; name = Base; path = Base.lproj/Main.storyboard; sourceTree = "<group>"; };
		9B7DC98025B336E4009E97D3 /* TravelLog.xcdatamodel */ = {isa = PBXFileReference; lastKnownFileType = wrapper.xcdatamodel; path = TravelLog.xcdatamodel; sourceTree = "<group>"; };
		9B7DC98225B336E5009E97D3 /* Assets.xcassets */ = {isa = PBXFileReference; lastKnownFileType = folder.assetcatalog; path = Assets.xcassets; sourceTree = "<group>"; };
		9B7DC98525B336E5009E97D3 /* Base */ = {isa = PBXFileReference; lastKnownFileType = file.storyboard; name = Base; path = Base.lproj/LaunchScreen.storyboard; sourceTree = "<group>"; };
		9B7DC98725B336E5009E97D3 /* Info.plist */ = {isa = PBXFileReference; lastKnownFileType = text.plist.xml; path = Info.plist; sourceTree = "<group>"; };
		9B7DC98C25B336E6009E97D3 /* TravelLogTests.xctest */ = {isa = PBXFileReference; explicitFileType = wrapper.cfbundle; includeInIndex = 0; path = TravelLogTests.xctest; sourceTree = BUILT_PRODUCTS_DIR; };
		9B7DC99025B336E6009E97D3 /* TravelLogTests.swift */ = {isa = PBXFileReference; lastKnownFileType = sourcecode.swift; path = TravelLogTests.swift; sourceTree = "<group>"; };
		9B7DC99225B336E6009E97D3 /* Info.plist */ = {isa = PBXFileReference; lastKnownFileType = text.plist.xml; path = Info.plist; sourceTree = "<group>"; };
		9B7DC99725B336E6009E97D3 /* TravelLogUITests.xctest */ = {isa = PBXFileReference; explicitFileType = wrapper.cfbundle; includeInIndex = 0; path = TravelLogUITests.xctest; sourceTree = BUILT_PRODUCTS_DIR; };
		9B7DC99B25B336E6009E97D3 /* TravelLogUITests.swift */ = {isa = PBXFileReference; lastKnownFileType = sourcecode.swift; path = TravelLogUITests.swift; sourceTree = "<group>"; };
		9B7DC99D25B336E6009E97D3 /* Info.plist */ = {isa = PBXFileReference; lastKnownFileType = text.plist.xml; path = Info.plist; sourceTree = "<group>"; };
		9B80D1DB25C24CB40052570F /* ProfileController.swift */ = {isa = PBXFileReference; lastKnownFileType = sourcecode.swift; path = ProfileController.swift; sourceTree = "<group>"; };
		9B80D1F525C250C30052570F /* MyCollectionViewCell.swift */ = {isa = PBXFileReference; lastKnownFileType = sourcecode.swift; name = MyCollectionViewCell.swift; path = ../MyCollectionViewCell.swift; sourceTree = "<group>"; };
		9B80D1F625C250C30052570F /* MyCollectionViewCell.xib */ = {isa = PBXFileReference; lastKnownFileType = file.xib; name = MyCollectionViewCell.xib; path = ../MyCollectionViewCell.xib; sourceTree = "<group>"; };
		9B80D20A25C26FAA0052570F /* GoogleService-Info.plist */ = {isa = PBXFileReference; fileEncoding = 4; lastKnownFileType = text.plist.xml; path = "GoogleService-Info.plist"; sourceTree = "<group>"; };
		9BA55E3F25B809950044B69B /* LoginController.swift */ = {isa = PBXFileReference; lastKnownFileType = sourcecode.swift; path = LoginController.swift; sourceTree = "<group>"; };
		9BA55E6825B81FB40044B69B /* RegisterController.swift */ = {isa = PBXFileReference; lastKnownFileType = sourcecode.swift; path = RegisterController.swift; sourceTree = "<group>"; };
		9BB8913225C2AE1300222158 /* DatabaseManager.swift */ = {isa = PBXFileReference; lastKnownFileType = sourcecode.swift; path = DatabaseManager.swift; sourceTree = "<group>"; };
		9BB8913A25C2BF2900222158 /* StorageManager.swift */ = {isa = PBXFileReference; lastKnownFileType = sourcecode.swift; path = StorageManager.swift; sourceTree = "<group>"; };
		9BB8914525C31B1A00222158 /* SearchController.swift */ = {isa = PBXFileReference; lastKnownFileType = sourcecode.swift; path = SearchController.swift; sourceTree = "<group>"; };
		9BB8914A25C3222300222158 /* User.swift */ = {isa = PBXFileReference; lastKnownFileType = sourcecode.swift; path = User.swift; sourceTree = "<group>"; };
		9BB8914F25C3BFDA00222158 /* Constants.swift */ = {isa = PBXFileReference; lastKnownFileType = sourcecode.swift; path = Constants.swift; sourceTree = "<group>"; };
		9BC2BD9825BDF6270097B582 /* EditController.swift */ = {isa = PBXFileReference; lastKnownFileType = sourcecode.swift; path = EditController.swift; sourceTree = "<group>"; };
		E168E8993381FED63DB1F912 /* Pods-TravelLog.release.xcconfig */ = {isa = PBXFileReference; includeInIndex = 1; lastKnownFileType = text.xcconfig; name = "Pods-TravelLog.release.xcconfig"; path = "Target Support Files/Pods-TravelLog/Pods-TravelLog.release.xcconfig"; sourceTree = "<group>"; };
/* End PBXFileReference section */

/* Begin PBXFrameworksBuildPhase section */
		9B7DC97025B336E4009E97D3 /* Frameworks */ = {
			isa = PBXFrameworksBuildPhase;
			buildActionMask = 2147483647;
			files = (
				562C1BF13C27560F1C00A509 /* Pods_TravelLog.framework in Frameworks */,
			);
			runOnlyForDeploymentPostprocessing = 0;
		};
		9B7DC98925B336E6009E97D3 /* Frameworks */ = {
			isa = PBXFrameworksBuildPhase;
			buildActionMask = 2147483647;
			files = (
				40CF4275EFDE60F2F3DD6EE9 /* Pods_TravelLogTests.framework in Frameworks */,
			);
			runOnlyForDeploymentPostprocessing = 0;
		};
		9B7DC99425B336E6009E97D3 /* Frameworks */ = {
			isa = PBXFrameworksBuildPhase;
			buildActionMask = 2147483647;
			files = (
				DBD8F3E4F95671F504A7D211 /* Pods_TravelLog_TravelLogUITests.framework in Frameworks */,
			);
			runOnlyForDeploymentPostprocessing = 0;
		};
/* End PBXFrameworksBuildPhase section */

/* Begin PBXGroup section */
		49D3327E5C4EF52901AD9033 /* Frameworks */ = {
			isa = PBXGroup;
			children = (
				802FF8E9037EC6AFAED7DFC4 /* Pods_TravelLog.framework */,
				12B509B6B9BF0125265519D3 /* Pods_TravelLog_TravelLogUITests.framework */,
				9553392FFA87464992ADE143 /* Pods_TravelLogTests.framework */,
			);
			name = Frameworks;
			sourceTree = "<group>";
		};
		85895E86CB0211ED632427C9 /* Pods */ = {
			isa = PBXGroup;
			children = (
				8AA70F4DDE3AC80C02A139A4 /* Pods-TravelLog.debug.xcconfig */,
				E168E8993381FED63DB1F912 /* Pods-TravelLog.release.xcconfig */,
				19E89CC2861F1C3CDF5795BF /* Pods-TravelLog-TravelLogUITests.debug.xcconfig */,
				6727282A5A2262E578B6627F /* Pods-TravelLog-TravelLogUITests.release.xcconfig */,
				255C716A1B95267551D716E6 /* Pods-TravelLogTests.debug.xcconfig */,
				5BB5B802D3E916FDD4C2447C /* Pods-TravelLogTests.release.xcconfig */,
			);
			path = Pods;
			sourceTree = "<group>";
		};
		9B7DC96A25B336E4009E97D3 = {
			isa = PBXGroup;
			children = (
				9B7DC97525B336E4009E97D3 /* TravelLog */,
				9B7DC98F25B336E6009E97D3 /* TravelLogTests */,
				9B7DC99A25B336E6009E97D3 /* TravelLogUITests */,
				9B7DC97425B336E4009E97D3 /* Products */,
				85895E86CB0211ED632427C9 /* Pods */,
				49D3327E5C4EF52901AD9033 /* Frameworks */,
			);
			sourceTree = "<group>";
		};
		9B7DC97425B336E4009E97D3 /* Products */ = {
			isa = PBXGroup;
			children = (
				9B7DC97325B336E4009E97D3 /* TravelLog.app */,
				9B7DC98C25B336E6009E97D3 /* TravelLogTests.xctest */,
				9B7DC99725B336E6009E97D3 /* TravelLogUITests.xctest */,
			);
			name = Products;
			sourceTree = "<group>";
		};
		9B7DC97525B336E4009E97D3 /* TravelLog */ = {
			isa = PBXGroup;
			children = (
				9B0BB2BE25C69AE0009BE9ED /* CDPlace+CoreDataClass.swift */,
				9B0BB2BF25C69AE0009BE9ED /* CDPlace+CoreDataProperties.swift */,
				9BB8913125C2977300222158 /* Utils */,
				9B80D1E725C24F330052570F /* Cell */,
				9BA55E3B25B808860044B69B /* Views */,
				9BA55E3A25B8087E0044B69B /* Model */,
				9BA55E3825B8085C0044B69B /* Controller */,
				9B7DC97825B336E4009E97D3 /* SceneDelegate.swift */,
				9B7DC97A25B336E4009E97D3 /* ViewController.swift */,
				9B7DC98225B336E5009E97D3 /* Assets.xcassets */,
				9B7DC98425B336E5009E97D3 /* LaunchScreen.storyboard */,
				9B7DC98725B336E5009E97D3 /* Info.plist */,
				9B7DC97F25B336E4009E97D3 /* TravelLog.xcdatamodeld */,
				9B80D20A25C26FAA0052570F /* GoogleService-Info.plist */,
			);
			path = TravelLog;
			sourceTree = "<group>";
		};
		9B7DC98F25B336E6009E97D3 /* TravelLogTests */ = {
			isa = PBXGroup;
			children = (
				9B7DC99025B336E6009E97D3 /* TravelLogTests.swift */,
				9B7DC99225B336E6009E97D3 /* Info.plist */,
			);
			path = TravelLogTests;
			sourceTree = "<group>";
		};
		9B7DC99A25B336E6009E97D3 /* TravelLogUITests */ = {
			isa = PBXGroup;
			children = (
				9B7DC99B25B336E6009E97D3 /* TravelLogUITests.swift */,
				9B7DC99D25B336E6009E97D3 /* Info.plist */,
			);
			path = TravelLogUITests;
			sourceTree = "<group>";
		};
		9B80D1E725C24F330052570F /* Cell */ = {
			isa = PBXGroup;
			children = (
				9B80D1F525C250C30052570F /* MyCollectionViewCell.swift */,
				9B80D1F625C250C30052570F /* MyCollectionViewCell.xib */,
			);
			path = Cell;
			sourceTree = "<group>";
		};
		9BA55E3825B8085C0044B69B /* Controller */ = {
			isa = PBXGroup;
			children = (
				9B266C5425C66E8E00EE6843 /* AppDelegate.swift */,
				9BA55E3F25B809950044B69B /* LoginController.swift */,
				9BA55E6825B81FB40044B69B /* RegisterController.swift */,
				9BC2BD9825BDF6270097B582 /* EditController.swift */,
				9B71979725C0F88200F9B51C /* EditDetailsController.swift */,
				9B80D1DB25C24CB40052570F /* ProfileController.swift */,
				9BB8914525C31B1A00222158 /* SearchController.swift */,
				9B266BB325C4348600EE6843 /* MapController.swift */,
			);
			path = Controller;
			sourceTree = "<group>";
		};
		9BA55E3A25B8087E0044B69B /* Model */ = {
			isa = PBXGroup;
			children = (
				9B71979225BFDA2B00F9B51C /* Post.swift */,
				9BB8914A25C3222300222158 /* User.swift */,
				9B266BBB25C4775700EE6843 /* Places.swift */,
				9B266BE925C586F800EE6843 /* Location.swift */,
			);
			path = Model;
			sourceTree = "<group>";
		};
		9BA55E3B25B808860044B69B /* Views */ = {
			isa = PBXGroup;
			children = (
				9B7DC97C25B336E4009E97D3 /* Main.storyboard */,
				9B2F8DC325BA00870009D9A1 /* Content.storyboard */,
			);
			path = Views;
			sourceTree = "<group>";
		};
		9BB8913125C2977300222158 /* Utils */ = {
			isa = PBXGroup;
			children = (
				9BB8913225C2AE1300222158 /* DatabaseManager.swift */,
				9BB8913A25C2BF2900222158 /* StorageManager.swift */,
				9BB8914F25C3BFDA00222158 /* Constants.swift */,
			);
			path = Utils;
			sourceTree = "<group>";
		};
/* End PBXGroup section */

/* Begin PBXNativeTarget section */
		9B7DC97225B336E4009E97D3 /* TravelLog */ = {
			isa = PBXNativeTarget;
			buildConfigurationList = 9B7DC9A025B336E6009E97D3 /* Build configuration list for PBXNativeTarget "TravelLog" */;
			buildPhases = (
				52CACC97AEA62738AC2B7AD5 /* [CP] Check Pods Manifest.lock */,
				9B7DC96F25B336E4009E97D3 /* Sources */,
				9B7DC97025B336E4009E97D3 /* Frameworks */,
				9B7DC97125B336E4009E97D3 /* Resources */,
				231EEC02158D534D6FA70998 /* [CP] Embed Pods Frameworks */,
			);
			buildRules = (
			);
			dependencies = (
			);
			name = TravelLog;
			productName = TravelLog;
			productReference = 9B7DC97325B336E4009E97D3 /* TravelLog.app */;
			productType = "com.apple.product-type.application";
		};
		9B7DC98B25B336E6009E97D3 /* TravelLogTests */ = {
			isa = PBXNativeTarget;
			buildConfigurationList = 9B7DC9A325B336E6009E97D3 /* Build configuration list for PBXNativeTarget "TravelLogTests" */;
			buildPhases = (
				4092C796CBE8538FA4B73B1F /* [CP] Check Pods Manifest.lock */,
				9B7DC98825B336E6009E97D3 /* Sources */,
				9B7DC98925B336E6009E97D3 /* Frameworks */,
				9B7DC98A25B336E6009E97D3 /* Resources */,
			);
			buildRules = (
			);
			dependencies = (
				9B7DC98E25B336E6009E97D3 /* PBXTargetDependency */,
			);
			name = TravelLogTests;
			productName = TravelLogTests;
			productReference = 9B7DC98C25B336E6009E97D3 /* TravelLogTests.xctest */;
			productType = "com.apple.product-type.bundle.unit-test";
		};
		9B7DC99625B336E6009E97D3 /* TravelLogUITests */ = {
			isa = PBXNativeTarget;
			buildConfigurationList = 9B7DC9A625B336E6009E97D3 /* Build configuration list for PBXNativeTarget "TravelLogUITests" */;
			buildPhases = (
				0617CC6962C4D7D4A18925E8 /* [CP] Check Pods Manifest.lock */,
				9B7DC99325B336E6009E97D3 /* Sources */,
				9B7DC99425B336E6009E97D3 /* Frameworks */,
				9B7DC99525B336E6009E97D3 /* Resources */,
				E203C9AD0CBD5280F36E280B /* [CP] Embed Pods Frameworks */,
			);
			buildRules = (
			);
			dependencies = (
				9B7DC99925B336E6009E97D3 /* PBXTargetDependency */,
			);
			name = TravelLogUITests;
			productName = TravelLogUITests;
			productReference = 9B7DC99725B336E6009E97D3 /* TravelLogUITests.xctest */;
			productType = "com.apple.product-type.bundle.ui-testing";
		};
/* End PBXNativeTarget section */

/* Begin PBXProject section */
		9B7DC96B25B336E4009E97D3 /* Project object */ = {
			isa = PBXProject;
			attributes = {
				LastSwiftUpdateCheck = 1230;
				LastUpgradeCheck = 1230;
				TargetAttributes = {
					9B7DC97225B336E4009E97D3 = {
						CreatedOnToolsVersion = 12.3;
					};
					9B7DC98B25B336E6009E97D3 = {
						CreatedOnToolsVersion = 12.3;
						TestTargetID = 9B7DC97225B336E4009E97D3;
					};
					9B7DC99625B336E6009E97D3 = {
						CreatedOnToolsVersion = 12.3;
						TestTargetID = 9B7DC97225B336E4009E97D3;
					};
				};
			};
			buildConfigurationList = 9B7DC96E25B336E4009E97D3 /* Build configuration list for PBXProject "TravelLog" */;
			compatibilityVersion = "Xcode 9.3";
			developmentRegion = en;
			hasScannedForEncodings = 0;
			knownRegions = (
				en,
				Base,
			);
			mainGroup = 9B7DC96A25B336E4009E97D3;
			productRefGroup = 9B7DC97425B336E4009E97D3 /* Products */;
			projectDirPath = "";
			projectRoot = "";
			targets = (
				9B7DC97225B336E4009E97D3 /* TravelLog */,
				9B7DC98B25B336E6009E97D3 /* TravelLogTests */,
				9B7DC99625B336E6009E97D3 /* TravelLogUITests */,
			);
		};
/* End PBXProject section */

/* Begin PBXResourcesBuildPhase section */
		9B7DC97125B336E4009E97D3 /* Resources */ = {
			isa = PBXResourcesBuildPhase;
			buildActionMask = 2147483647;
			files = (
				9B7DC98625B336E5009E97D3 /* LaunchScreen.storyboard in Resources */,
				9B80D1F825C250C30052570F /* MyCollectionViewCell.xib in Resources */,
				9B7DC98325B336E5009E97D3 /* Assets.xcassets in Resources */,
				9B7DC97E25B336E4009E97D3 /* Main.storyboard in Resources */,
				9B2F8DC425BA00870009D9A1 /* Content.storyboard in Resources */,
				9B80D20B25C26FAA0052570F /* GoogleService-Info.plist in Resources */,
			);
			runOnlyForDeploymentPostprocessing = 0;
		};
		9B7DC98A25B336E6009E97D3 /* Resources */ = {
			isa = PBXResourcesBuildPhase;
			buildActionMask = 2147483647;
			files = (
			);
			runOnlyForDeploymentPostprocessing = 0;
		};
		9B7DC99525B336E6009E97D3 /* Resources */ = {
			isa = PBXResourcesBuildPhase;
			buildActionMask = 2147483647;
			files = (
			);
			runOnlyForDeploymentPostprocessing = 0;
		};
/* End PBXResourcesBuildPhase section */

/* Begin PBXShellScriptBuildPhase section */
		0617CC6962C4D7D4A18925E8 /* [CP] Check Pods Manifest.lock */ = {
			isa = PBXShellScriptBuildPhase;
			buildActionMask = 2147483647;
			files = (
			);
			inputFileListPaths = (
			);
			inputPaths = (
				"${PODS_PODFILE_DIR_PATH}/Podfile.lock",
				"${PODS_ROOT}/Manifest.lock",
			);
			name = "[CP] Check Pods Manifest.lock";
			outputFileListPaths = (
			);
			outputPaths = (
				"$(DERIVED_FILE_DIR)/Pods-TravelLog-TravelLogUITests-checkManifestLockResult.txt",
			);
			runOnlyForDeploymentPostprocessing = 0;
			shellPath = /bin/sh;
			shellScript = "diff \"${PODS_PODFILE_DIR_PATH}/Podfile.lock\" \"${PODS_ROOT}/Manifest.lock\" > /dev/null\nif [ $? != 0 ] ; then\n    # print error to STDERR\n    echo \"error: The sandbox is not in sync with the Podfile.lock. Run 'pod install' or update your CocoaPods installation.\" >&2\n    exit 1\nfi\n# This output is used by Xcode 'outputs' to avoid re-running this script phase.\necho \"SUCCESS\" > \"${SCRIPT_OUTPUT_FILE_0}\"\n";
			showEnvVarsInLog = 0;
		};
		231EEC02158D534D6FA70998 /* [CP] Embed Pods Frameworks */ = {
			isa = PBXShellScriptBuildPhase;
			buildActionMask = 2147483647;
			files = (
			);
			inputFileListPaths = (
				"${PODS_ROOT}/Target Support Files/Pods-TravelLog/Pods-TravelLog-frameworks-${CONFIGURATION}-input-files.xcfilelist",
			);
			name = "[CP] Embed Pods Frameworks";
			outputFileListPaths = (
				"${PODS_ROOT}/Target Support Files/Pods-TravelLog/Pods-TravelLog-frameworks-${CONFIGURATION}-output-files.xcfilelist",
			);
			runOnlyForDeploymentPostprocessing = 0;
			shellPath = /bin/sh;
			shellScript = "\"${PODS_ROOT}/Target Support Files/Pods-TravelLog/Pods-TravelLog-frameworks.sh\"\n";
			showEnvVarsInLog = 0;
		};
		4092C796CBE8538FA4B73B1F /* [CP] Check Pods Manifest.lock */ = {
			isa = PBXShellScriptBuildPhase;
			buildActionMask = 2147483647;
			files = (
			);
			inputFileListPaths = (
			);
			inputPaths = (
				"${PODS_PODFILE_DIR_PATH}/Podfile.lock",
				"${PODS_ROOT}/Manifest.lock",
			);
			name = "[CP] Check Pods Manifest.lock";
			outputFileListPaths = (
			);
			outputPaths = (
				"$(DERIVED_FILE_DIR)/Pods-TravelLogTests-checkManifestLockResult.txt",
			);
			runOnlyForDeploymentPostprocessing = 0;
			shellPath = /bin/sh;
			shellScript = "diff \"${PODS_PODFILE_DIR_PATH}/Podfile.lock\" \"${PODS_ROOT}/Manifest.lock\" > /dev/null\nif [ $? != 0 ] ; then\n    # print error to STDERR\n    echo \"error: The sandbox is not in sync with the Podfile.lock. Run 'pod install' or update your CocoaPods installation.\" >&2\n    exit 1\nfi\n# This output is used by Xcode 'outputs' to avoid re-running this script phase.\necho \"SUCCESS\" > \"${SCRIPT_OUTPUT_FILE_0}\"\n";
			showEnvVarsInLog = 0;
		};
		52CACC97AEA62738AC2B7AD5 /* [CP] Check Pods Manifest.lock */ = {
			isa = PBXShellScriptBuildPhase;
			buildActionMask = 2147483647;
			files = (
			);
			inputFileListPaths = (
			);
			inputPaths = (
				"${PODS_PODFILE_DIR_PATH}/Podfile.lock",
				"${PODS_ROOT}/Manifest.lock",
			);
			name = "[CP] Check Pods Manifest.lock";
			outputFileListPaths = (
			);
			outputPaths = (
				"$(DERIVED_FILE_DIR)/Pods-TravelLog-checkManifestLockResult.txt",
			);
			runOnlyForDeploymentPostprocessing = 0;
			shellPath = /bin/sh;
			shellScript = "diff \"${PODS_PODFILE_DIR_PATH}/Podfile.lock\" \"${PODS_ROOT}/Manifest.lock\" > /dev/null\nif [ $? != 0 ] ; then\n    # print error to STDERR\n    echo \"error: The sandbox is not in sync with the Podfile.lock. Run 'pod install' or update your CocoaPods installation.\" >&2\n    exit 1\nfi\n# This output is used by Xcode 'outputs' to avoid re-running this script phase.\necho \"SUCCESS\" > \"${SCRIPT_OUTPUT_FILE_0}\"\n";
			showEnvVarsInLog = 0;
		};
		E203C9AD0CBD5280F36E280B /* [CP] Embed Pods Frameworks */ = {
			isa = PBXShellScriptBuildPhase;
			buildActionMask = 2147483647;
			files = (
			);
			inputFileListPaths = (
				"${PODS_ROOT}/Target Support Files/Pods-TravelLog-TravelLogUITests/Pods-TravelLog-TravelLogUITests-frameworks-${CONFIGURATION}-input-files.xcfilelist",
			);
			name = "[CP] Embed Pods Frameworks";
			outputFileListPaths = (
				"${PODS_ROOT}/Target Support Files/Pods-TravelLog-TravelLogUITests/Pods-TravelLog-TravelLogUITests-frameworks-${CONFIGURATION}-output-files.xcfilelist",
			);
			runOnlyForDeploymentPostprocessing = 0;
			shellPath = /bin/sh;
			shellScript = "\"${PODS_ROOT}/Target Support Files/Pods-TravelLog-TravelLogUITests/Pods-TravelLog-TravelLogUITests-frameworks.sh\"\n";
			showEnvVarsInLog = 0;
		};
/* End PBXShellScriptBuildPhase section */

/* Begin PBXSourcesBuildPhase section */
		9B7DC96F25B336E4009E97D3 /* Sources */ = {
			isa = PBXSourcesBuildPhase;
			buildActionMask = 2147483647;
			files = (
				9B266C5525C66E8E00EE6843 /* AppDelegate.swift in Sources */,
				9B80D1F725C250C30052570F /* MyCollectionViewCell.swift in Sources */,
				9BC2BD9925BDF6270097B582 /* EditController.swift in Sources */,
				9B7DC97B25B336E4009E97D3 /* ViewController.swift in Sources */,
				9BB8914625C31B1A00222158 /* SearchController.swift in Sources */,
				9B71979325BFDA2B00F9B51C /* Post.swift in Sources */,
				9B0BB2C025C69AE0009BE9ED /* CDPlace+CoreDataClass.swift in Sources */,
				9BA55E6925B81FB40044B69B /* RegisterController.swift in Sources */,
				9BB8915025C3BFDA00222158 /* Constants.swift in Sources */,
				9B80D1DC25C24CB40052570F /* ProfileController.swift in Sources */,
				9BB8914B25C3222300222158 /* User.swift in Sources */,
				9B7DC98125B336E4009E97D3 /* TravelLog.xcdatamodeld in Sources */,
				9B0BB2C125C69AE0009BE9ED /* CDPlace+CoreDataProperties.swift in Sources */,
				9B266BB425C4348600EE6843 /* MapController.swift in Sources */,
				9BB8913325C2AE1300222158 /* DatabaseManager.swift in Sources */,
				9B7DC97925B336E4009E97D3 /* SceneDelegate.swift in Sources */,
				9B266BEA25C586F800EE6843 /* Location.swift in Sources */,
				9B71979825C0F88200F9B51C /* EditDetailsController.swift in Sources */,
				9BA55E4025B809950044B69B /* LoginController.swift in Sources */,
				9BB8913B25C2BF2900222158 /* StorageManager.swift in Sources */,
				9B266BBC25C4775700EE6843 /* Places.swift in Sources */,
			);
			runOnlyForDeploymentPostprocessing = 0;
		};
		9B7DC98825B336E6009E97D3 /* Sources */ = {
			isa = PBXSourcesBuildPhase;
			buildActionMask = 2147483647;
			files = (
				9B7DC99125B336E6009E97D3 /* TravelLogTests.swift in Sources */,
			);
			runOnlyForDeploymentPostprocessing = 0;
		};
		9B7DC99325B336E6009E97D3 /* Sources */ = {
			isa = PBXSourcesBuildPhase;
			buildActionMask = 2147483647;
			files = (
				9B7DC99C25B336E6009E97D3 /* TravelLogUITests.swift in Sources */,
			);
			runOnlyForDeploymentPostprocessing = 0;
		};
/* End PBXSourcesBuildPhase section */

/* Begin PBXTargetDependency section */
		9B7DC98E25B336E6009E97D3 /* PBXTargetDependency */ = {
			isa = PBXTargetDependency;
			target = 9B7DC97225B336E4009E97D3 /* TravelLog */;
			targetProxy = 9B7DC98D25B336E6009E97D3 /* PBXContainerItemProxy */;
		};
		9B7DC99925B336E6009E97D3 /* PBXTargetDependency */ = {
			isa = PBXTargetDependency;
			target = 9B7DC97225B336E4009E97D3 /* TravelLog */;
			targetProxy = 9B7DC99825B336E6009E97D3 /* PBXContainerItemProxy */;
		};
/* End PBXTargetDependency section */

/* Begin PBXVariantGroup section */
		9B7DC97C25B336E4009E97D3 /* Main.storyboard */ = {
			isa = PBXVariantGroup;
			children = (
				9B7DC97D25B336E4009E97D3 /* Base */,
			);
			name = Main.storyboard;
			sourceTree = "<group>";
		};
		9B7DC98425B336E5009E97D3 /* LaunchScreen.storyboard */ = {
			isa = PBXVariantGroup;
			children = (
				9B7DC98525B336E5009E97D3 /* Base */,
			);
			name = LaunchScreen.storyboard;
			sourceTree = "<group>";
		};
/* End PBXVariantGroup section */

/* Begin XCBuildConfiguration section */
		9B7DC99E25B336E6009E97D3 /* Debug */ = {
			isa = XCBuildConfiguration;
			buildSettings = {
				ALWAYS_SEARCH_USER_PATHS = NO;
				CLANG_ANALYZER_NONNULL = YES;
				CLANG_ANALYZER_NUMBER_OBJECT_CONVERSION = YES_AGGRESSIVE;
				CLANG_CXX_LANGUAGE_STANDARD = "gnu++14";
				CLANG_CXX_LIBRARY = "libc++";
				CLANG_ENABLE_MODULES = YES;
				CLANG_ENABLE_OBJC_ARC = YES;
				CLANG_ENABLE_OBJC_WEAK = YES;
				CLANG_WARN_BLOCK_CAPTURE_AUTORELEASING = YES;
				CLANG_WARN_BOOL_CONVERSION = YES;
				CLANG_WARN_COMMA = YES;
				CLANG_WARN_CONSTANT_CONVERSION = YES;
				CLANG_WARN_DEPRECATED_OBJC_IMPLEMENTATIONS = YES;
				CLANG_WARN_DIRECT_OBJC_ISA_USAGE = YES_ERROR;
				CLANG_WARN_DOCUMENTATION_COMMENTS = YES;
				CLANG_WARN_EMPTY_BODY = YES;
				CLANG_WARN_ENUM_CONVERSION = YES;
				CLANG_WARN_INFINITE_RECURSION = YES;
				CLANG_WARN_INT_CONVERSION = YES;
				CLANG_WARN_NON_LITERAL_NULL_CONVERSION = YES;
				CLANG_WARN_OBJC_IMPLICIT_RETAIN_SELF = YES;
				CLANG_WARN_OBJC_LITERAL_CONVERSION = YES;
				CLANG_WARN_OBJC_ROOT_CLASS = YES_ERROR;
				CLANG_WARN_QUOTED_INCLUDE_IN_FRAMEWORK_HEADER = YES;
				CLANG_WARN_RANGE_LOOP_ANALYSIS = YES;
				CLANG_WARN_STRICT_PROTOTYPES = YES;
				CLANG_WARN_SUSPICIOUS_MOVE = YES;
				CLANG_WARN_UNGUARDED_AVAILABILITY = YES_AGGRESSIVE;
				CLANG_WARN_UNREACHABLE_CODE = YES;
				CLANG_WARN__DUPLICATE_METHOD_MATCH = YES;
				COPY_PHASE_STRIP = NO;
				DEBUG_INFORMATION_FORMAT = dwarf;
				ENABLE_STRICT_OBJC_MSGSEND = YES;
				ENABLE_TESTABILITY = YES;
				GCC_C_LANGUAGE_STANDARD = gnu11;
				GCC_DYNAMIC_NO_PIC = NO;
				GCC_NO_COMMON_BLOCKS = YES;
				GCC_OPTIMIZATION_LEVEL = 0;
				GCC_PREPROCESSOR_DEFINITIONS = (
					"DEBUG=1",
					"$(inherited)",
				);
				GCC_WARN_64_TO_32_BIT_CONVERSION = YES;
				GCC_WARN_ABOUT_RETURN_TYPE = YES_ERROR;
				GCC_WARN_UNDECLARED_SELECTOR = YES;
				GCC_WARN_UNINITIALIZED_AUTOS = YES_AGGRESSIVE;
				GCC_WARN_UNUSED_FUNCTION = YES;
				GCC_WARN_UNUSED_VARIABLE = YES;
				IPHONEOS_DEPLOYMENT_TARGET = 14.3;
				MTL_ENABLE_DEBUG_INFO = INCLUDE_SOURCE;
				MTL_FAST_MATH = YES;
				ONLY_ACTIVE_ARCH = YES;
				SDKROOT = iphoneos;
				SWIFT_ACTIVE_COMPILATION_CONDITIONS = DEBUG;
				SWIFT_OPTIMIZATION_LEVEL = "-Onone";
			};
			name = Debug;
		};
		9B7DC99F25B336E6009E97D3 /* Release */ = {
			isa = XCBuildConfiguration;
			buildSettings = {
				ALWAYS_SEARCH_USER_PATHS = NO;
				CLANG_ANALYZER_NONNULL = YES;
				CLANG_ANALYZER_NUMBER_OBJECT_CONVERSION = YES_AGGRESSIVE;
				CLANG_CXX_LANGUAGE_STANDARD = "gnu++14";
				CLANG_CXX_LIBRARY = "libc++";
				CLANG_ENABLE_MODULES = YES;
				CLANG_ENABLE_OBJC_ARC = YES;
				CLANG_ENABLE_OBJC_WEAK = YES;
				CLANG_WARN_BLOCK_CAPTURE_AUTORELEASING = YES;
				CLANG_WARN_BOOL_CONVERSION = YES;
				CLANG_WARN_COMMA = YES;
				CLANG_WARN_CONSTANT_CONVERSION = YES;
				CLANG_WARN_DEPRECATED_OBJC_IMPLEMENTATIONS = YES;
				CLANG_WARN_DIRECT_OBJC_ISA_USAGE = YES_ERROR;
				CLANG_WARN_DOCUMENTATION_COMMENTS = YES;
				CLANG_WARN_EMPTY_BODY = YES;
				CLANG_WARN_ENUM_CONVERSION = YES;
				CLANG_WARN_INFINITE_RECURSION = YES;
				CLANG_WARN_INT_CONVERSION = YES;
				CLANG_WARN_NON_LITERAL_NULL_CONVERSION = YES;
				CLANG_WARN_OBJC_IMPLICIT_RETAIN_SELF = YES;
				CLANG_WARN_OBJC_LITERAL_CONVERSION = YES;
				CLANG_WARN_OBJC_ROOT_CLASS = YES_ERROR;
				CLANG_WARN_QUOTED_INCLUDE_IN_FRAMEWORK_HEADER = YES;
				CLANG_WARN_RANGE_LOOP_ANALYSIS = YES;
				CLANG_WARN_STRICT_PROTOTYPES = YES;
				CLANG_WARN_SUSPICIOUS_MOVE = YES;
				CLANG_WARN_UNGUARDED_AVAILABILITY = YES_AGGRESSIVE;
				CLANG_WARN_UNREACHABLE_CODE = YES;
				CLANG_WARN__DUPLICATE_METHOD_MATCH = YES;
				COPY_PHASE_STRIP = NO;
				DEBUG_INFORMATION_FORMAT = "dwarf-with-dsym";
				ENABLE_NS_ASSERTIONS = NO;
				ENABLE_STRICT_OBJC_MSGSEND = YES;
				GCC_C_LANGUAGE_STANDARD = gnu11;
				GCC_NO_COMMON_BLOCKS = YES;
				GCC_WARN_64_TO_32_BIT_CONVERSION = YES;
				GCC_WARN_ABOUT_RETURN_TYPE = YES_ERROR;
				GCC_WARN_UNDECLARED_SELECTOR = YES;
				GCC_WARN_UNINITIALIZED_AUTOS = YES_AGGRESSIVE;
				GCC_WARN_UNUSED_FUNCTION = YES;
				GCC_WARN_UNUSED_VARIABLE = YES;
				IPHONEOS_DEPLOYMENT_TARGET = 14.3;
				MTL_ENABLE_DEBUG_INFO = NO;
				MTL_FAST_MATH = YES;
				SDKROOT = iphoneos;
				SWIFT_COMPILATION_MODE = wholemodule;
				SWIFT_OPTIMIZATION_LEVEL = "-O";
				VALIDATE_PRODUCT = YES;
			};
			name = Release;
		};
		9B7DC9A125B336E6009E97D3 /* Debug */ = {
			isa = XCBuildConfiguration;
			baseConfigurationReference = 8AA70F4DDE3AC80C02A139A4 /* Pods-TravelLog.debug.xcconfig */;
			buildSettings = {
				ASSETCATALOG_COMPILER_APPICON_NAME = AppIcon;
				ASSETCATALOG_COMPILER_GLOBAL_ACCENT_COLOR_NAME = AccentColor;
				CODE_SIGN_STYLE = Automatic;
				DEVELOPMENT_TEAM = 55X6A2Q9Q6;
				INFOPLIST_FILE = TravelLog/Info.plist;
				LD_RUNPATH_SEARCH_PATHS = (
					"$(inherited)",
					"@executable_path/Frameworks",
				);
				PRODUCT_BUNDLE_IDENTIFIER = sg.mad2.TravelLog;
				PRODUCT_NAME = "$(TARGET_NAME)";
				SWIFT_VERSION = 5.0;
				TARGETED_DEVICE_FAMILY = "1,2";
			};
			name = Debug;
		};
		9B7DC9A225B336E6009E97D3 /* Release */ = {
			isa = XCBuildConfiguration;
			baseConfigurationReference = E168E8993381FED63DB1F912 /* Pods-TravelLog.release.xcconfig */;
			buildSettings = {
				ASSETCATALOG_COMPILER_APPICON_NAME = AppIcon;
				ASSETCATALOG_COMPILER_GLOBAL_ACCENT_COLOR_NAME = AccentColor;
				CODE_SIGN_STYLE = Automatic;
				DEVELOPMENT_TEAM = 55X6A2Q9Q6;
				INFOPLIST_FILE = TravelLog/Info.plist;
				LD_RUNPATH_SEARCH_PATHS = (
					"$(inherited)",
					"@executable_path/Frameworks",
				);
				PRODUCT_BUNDLE_IDENTIFIER = sg.mad2.TravelLog;
				PRODUCT_NAME = "$(TARGET_NAME)";
				SWIFT_VERSION = 5.0;
				TARGETED_DEVICE_FAMILY = "1,2";
			};
			name = Release;
		};
		9B7DC9A425B336E6009E97D3 /* Debug */ = {
			isa = XCBuildConfiguration;
			baseConfigurationReference = 255C716A1B95267551D716E6 /* Pods-TravelLogTests.debug.xcconfig */;
			buildSettings = {
				ALWAYS_EMBED_SWIFT_STANDARD_LIBRARIES = YES;
				BUNDLE_LOADER = "$(TEST_HOST)";
				CODE_SIGN_STYLE = Automatic;
				DEVELOPMENT_TEAM = 55X6A2Q9Q6;
				INFOPLIST_FILE = TravelLogTests/Info.plist;
				IPHONEOS_DEPLOYMENT_TARGET = 14.3;
				LD_RUNPATH_SEARCH_PATHS = (
					"$(inherited)",
					"@executable_path/Frameworks",
					"@loader_path/Frameworks",
				);
				PRODUCT_BUNDLE_IDENTIFIER = sg.mad2.TravelLogTests;
				PRODUCT_NAME = "$(TARGET_NAME)";
				SWIFT_VERSION = 5.0;
				TARGETED_DEVICE_FAMILY = "1,2";
				TEST_HOST = "$(BUILT_PRODUCTS_DIR)/TravelLog.app/TravelLog";
			};
			name = Debug;
		};
		9B7DC9A525B336E6009E97D3 /* Release */ = {
			isa = XCBuildConfiguration;
			baseConfigurationReference = 5BB5B802D3E916FDD4C2447C /* Pods-TravelLogTests.release.xcconfig */;
			buildSettings = {
				ALWAYS_EMBED_SWIFT_STANDARD_LIBRARIES = YES;
				BUNDLE_LOADER = "$(TEST_HOST)";
				CODE_SIGN_STYLE = Automatic;
				DEVELOPMENT_TEAM = 55X6A2Q9Q6;
				INFOPLIST_FILE = TravelLogTests/Info.plist;
				IPHONEOS_DEPLOYMENT_TARGET = 14.3;
				LD_RUNPATH_SEARCH_PATHS = (
					"$(inherited)",
					"@executable_path/Frameworks",
					"@loader_path/Frameworks",
				);
				PRODUCT_BUNDLE_IDENTIFIER = sg.mad2.TravelLogTests;
				PRODUCT_NAME = "$(TARGET_NAME)";
				SWIFT_VERSION = 5.0;
				TARGETED_DEVICE_FAMILY = "1,2";
				TEST_HOST = "$(BUILT_PRODUCTS_DIR)/TravelLog.app/TravelLog";
			};
			name = Release;
		};
		9B7DC9A725B336E6009E97D3 /* Debug */ = {
			isa = XCBuildConfiguration;
			baseConfigurationReference = 19E89CC2861F1C3CDF5795BF /* Pods-TravelLog-TravelLogUITests.debug.xcconfig */;
			buildSettings = {
				ALWAYS_EMBED_SWIFT_STANDARD_LIBRARIES = YES;
				CODE_SIGN_STYLE = Automatic;
				DEVELOPMENT_TEAM = 55X6A2Q9Q6;
				INFOPLIST_FILE = TravelLogUITests/Info.plist;
				LD_RUNPATH_SEARCH_PATHS = (
					"$(inherited)",
					"@executable_path/Frameworks",
					"@loader_path/Frameworks",
				);
				PRODUCT_BUNDLE_IDENTIFIER = sg.mad2.TravelLogUITests;
				PRODUCT_NAME = "$(TARGET_NAME)";
				SWIFT_VERSION = 5.0;
				TARGETED_DEVICE_FAMILY = "1,2";
				TEST_TARGET_NAME = TravelLog;
			};
			name = Debug;
		};
		9B7DC9A825B336E6009E97D3 /* Release */ = {
			isa = XCBuildConfiguration;
			baseConfigurationReference = 6727282A5A2262E578B6627F /* Pods-TravelLog-TravelLogUITests.release.xcconfig */;
			buildSettings = {
				ALWAYS_EMBED_SWIFT_STANDARD_LIBRARIES = YES;
				CODE_SIGN_STYLE = Automatic;
				DEVELOPMENT_TEAM = 55X6A2Q9Q6;
				INFOPLIST_FILE = TravelLogUITests/Info.plist;
				LD_RUNPATH_SEARCH_PATHS = (
					"$(inherited)",
					"@executable_path/Frameworks",
					"@loader_path/Frameworks",
				);
				PRODUCT_BUNDLE_IDENTIFIER = sg.mad2.TravelLogUITests;
				PRODUCT_NAME = "$(TARGET_NAME)";
				SWIFT_VERSION = 5.0;
				TARGETED_DEVICE_FAMILY = "1,2";
				TEST_TARGET_NAME = TravelLog;
			};
			name = Release;
		};
/* End XCBuildConfiguration section */

/* Begin XCConfigurationList section */
		9B7DC96E25B336E4009E97D3 /* Build configuration list for PBXProject "TravelLog" */ = {
			isa = XCConfigurationList;
			buildConfigurations = (
				9B7DC99E25B336E6009E97D3 /* Debug */,
				9B7DC99F25B336E6009E97D3 /* Release */,
			);
			defaultConfigurationIsVisible = 0;
			defaultConfigurationName = Release;
		};
		9B7DC9A025B336E6009E97D3 /* Build configuration list for PBXNativeTarget "TravelLog" */ = {
			isa = XCConfigurationList;
			buildConfigurations = (
				9B7DC9A125B336E6009E97D3 /* Debug */,
				9B7DC9A225B336E6009E97D3 /* Release */,
			);
			defaultConfigurationIsVisible = 0;
			defaultConfigurationName = Release;
		};
		9B7DC9A325B336E6009E97D3 /* Build configuration list for PBXNativeTarget "TravelLogTests" */ = {
			isa = XCConfigurationList;
			buildConfigurations = (
				9B7DC9A425B336E6009E97D3 /* Debug */,
				9B7DC9A525B336E6009E97D3 /* Release */,
			);
			defaultConfigurationIsVisible = 0;
			defaultConfigurationName = Release;
		};
		9B7DC9A625B336E6009E97D3 /* Build configuration list for PBXNativeTarget "TravelLogUITests" */ = {
			isa = XCConfigurationList;
			buildConfigurations = (
				9B7DC9A725B336E6009E97D3 /* Debug */,
				9B7DC9A825B336E6009E97D3 /* Release */,
			);
			defaultConfigurationIsVisible = 0;
			defaultConfigurationName = Release;
		};
/* End XCConfigurationList section */

/* Begin XCVersionGroup section */
		9B7DC97F25B336E4009E97D3 /* TravelLog.xcdatamodeld */ = {
			isa = XCVersionGroup;
			children = (
				9B7DC98025B336E4009E97D3 /* TravelLog.xcdatamodel */,
			);
			currentVersion = 9B7DC98025B336E4009E97D3 /* TravelLog.xcdatamodel */;
			path = TravelLog.xcdatamodeld;
			sourceTree = "<group>";
			versionGroupType = wrapper.xcdatamodel;
		};
/* End XCVersionGroup section */
	};
	rootObject = 9B7DC96B25B336E4009E97D3 /* Project object */;
}
